// !$*UTF8*$!
{
	archiveVersion = 1;
	classes = {
	};
	objectVersion = 54;
	objects = {

/* Begin PBXBuildFile section */
		3B3967161E833CAA004F5970 /* AppFrameworkInfo.plist in Resources */ = {isa = PBXBuildFile; fileRef = 3B3967151E833CAA004F5970 /* AppFrameworkInfo.plist */; };
		A4BAAB4F06A7611B59C06738 /* Pods_Runner.framework in Frameworks */ = {isa = PBXBuildFile; fileRef = 2DD1C241684AF40339082412 /* Pods_Runner.framework */; };
		AEC1584F2E0A50B2002B1B23 /* BaseController.swift in Sources */ = {isa = PBXBuildFile; fileRef = AEC158052E0A50B2002B1B23 /* BaseController.swift */; };
		AEC158502E0A50B2002B1B23 /* BaseNavigationController.swift in Sources */ = {isa = PBXBuildFile; fileRef = AEC158062E0A50B2002B1B23 /* BaseNavigationController.swift */; };
		AEC158512E0A50B2002B1B23 /* UIColor+HEX.swift in Sources */ = {isa = PBXBuildFile; fileRef = AEC158082E0A50B2002B1B23 /* UIColor+HEX.swift */; };
		AEC158522E0A50B2002B1B23 /* UIDevice+Spaceing.swift in Sources */ = {isa = PBXBuildFile; fileRef = AEC158092E0A50B2002B1B23 /* UIDevice+Spaceing.swift */; };
		AEC158532E0A50B2002B1B23 /* UIView+Frame.swift in Sources */ = {isa = PBXBuildFile; fileRef = AEC1580A2E0A50B2002B1B23 /* UIView+Frame.swift */; };
		AEC158542E0A50B2002B1B23 /* ExploreCollectionViewCell.swift in Sources */ = {isa = PBXBuildFile; fileRef = AEC1580C2E0A50B2002B1B23 /* ExploreCollectionViewCell.swift */; };
		AEC158552E0A50B2002B1B23 /* ExploreViewController.swift in Sources */ = {isa = PBXBuildFile; fileRef = AEC1580E2E0A50B2002B1B23 /* ExploreViewController.swift */; };
		AEC158562E0A50B2002B1B23 /* AIAboutCell.swift in Sources */ = {isa = PBXBuildFile; fileRef = AEC158102E0A50B2002B1B23 /* AIAboutCell.swift */; };
		AEC158572E0A50B2002B1B23 /* AIPhotoCell.swift in Sources */ = {isa = PBXBuildFile; fileRef = AEC158112E0A50B2002B1B23 /* AIPhotoCell.swift */; };
		AEC158582E0A50B2002B1B23 /* AIProfileCell.swift in Sources */ = {isa = PBXBuildFile; fileRef = AEC158122E0A50B2002B1B23 /* AIProfileCell.swift */; };
		AEC158592E0A50B2002B1B23 /* HomeAICharacterCell.swift in Sources */ = {isa = PBXBuildFile; fileRef = AEC158132E0A50B2002B1B23 /* HomeAICharacterCell.swift */; };
		AEC1585A2E0A50B2002B1B23 /* AICharacterController.swift in Sources */ = {isa = PBXBuildFile; fileRef = AEC158152E0A50B2002B1B23 /* AICharacterController.swift */; };
		AEC1585B2E0A50B2002B1B23 /* HomeViewController.swift in Sources */ = {isa = PBXBuildFile; fileRef = AEC158162E0A50B2002B1B23 /* HomeViewController.swift */; };
		AEC1585C2E0A50B2002B1B23 /* ReportAIController.swift in Sources */ = {isa = PBXBuildFile; fileRef = AEC158172E0A50B2002B1B23 /* ReportAIController.swift */; };
		AEC1585D2E0A50B2002B1B23 /* MenuTableViewCell.swift in Sources */ = {isa = PBXBuildFile; fileRef = AEC158192E0A50B2002B1B23 /* MenuTableViewCell.swift */; };
		AEC1585E2E0A50B2002B1B23 /* AboutAppViewController.swift in Sources */ = {isa = PBXBuildFile; fileRef = AEC1581B2E0A50B2002B1B23 /* AboutAppViewController.swift */; };
		AEC1585F2E0A50B2002B1B23 /* AboutUsViewController.swift in Sources */ = {isa = PBXBuildFile; fileRef = AEC1581C2E0A50B2002B1B23 /* AboutUsViewController.swift */; };
		AEC158602E0A50B2002B1B23 /* BackgroundMusicController.swift in Sources */ = {isa = PBXBuildFile; fileRef = AEC1581D2E0A50B2002B1B23 /* BackgroundMusicController.swift */; };
		AEC158612E0A50B2002B1B23 /* BackgroundMusicManager.swift in Sources */ = {isa = PBXBuildFile; fileRef = AEC1581E2E0A50B2002B1B23 /* BackgroundMusicManager.swift */; };
		AEC158622E0A50B2002B1B23 /* EditProfileViewController.swift in Sources */ = {isa = PBXBuildFile; fileRef = AEC1581F2E0A50B2002B1B23 /* EditProfileViewController.swift */; };
		AEC158632E0A50B2002B1B23 /* MusicFloatingButton.swift in Sources */ = {isa = PBXBuildFile; fileRef = AEC158202E0A50B2002B1B23 /* MusicFloatingButton.swift */; };
		AEC158642E0A50B2002B1B23 /* ProfileViewController.swift in Sources */ = {isa = PBXBuildFile; fileRef = AEC158212E0A50B2002B1B23 /* ProfileViewController.swift */; };
		AEC158652E0A50B2002B1B23 /* UserProfileManager.swift in Sources */ = {isa = PBXBuildFile; fileRef = AEC158222E0A50B2002B1B23 /* UserProfileManager.swift */; };
		AEC158662E0A50B2002B1B23 /* AIMessageCell.swift in Sources */ = {isa = PBXBuildFile; fileRef = AEC158242E0A50B2002B1B23 /* AIMessageCell.swift */; };
		AEC158672E0A50B2002B1B23 /* AICharacterInfoModel.swift in Sources */ = {isa = PBXBuildFile; fileRef = AEC158262E0A50B2002B1B23 /* AICharacterInfoModel.swift */; };
		AEC158682E0A50B2002B1B23 /* ChatMessageRealm.swift in Sources */ = {isa = PBXBuildFile; fileRef = AEC158272E0A50B2002B1B23 /* ChatMessageRealm.swift */; };
		AEC158692E0A50B2002B1B23 /* MessageCallVideoController.swift in Sources */ = {isa = PBXBuildFile; fileRef = AEC158282E0A50B2002B1B23 /* MessageCallVideoController.swift */; };
		AEC1586A2E0A50B2002B1B23 /* MessageChatController.swift in Sources */ = {isa = PBXBuildFile; fileRef = AEC158292E0A50B2002B1B23 /* MessageChatController.swift */; };
		AEC1586B2E0A50B2002B1B23 /* MessageViewController.swift in Sources */ = {isa = PBXBuildFile; fileRef = AEC1582A2E0A50B2002B1B23 /* MessageViewController.swift */; };
		AEC1586C2E0A50B2002B1B23 /* ZhipuAIService.swift in Sources */ = {isa = PBXBuildFile; fileRef = AEC1582B2E0A50B2002B1B23 /* ZhipuAIService.swift */; };
		AEC1586D2E0A50B2002B1B23 /* CustomTabBar.swift in Sources */ = {isa = PBXBuildFile; fileRef = AEC1582D2E0A50B2002B1B23 /* CustomTabBar.swift */; };
		AEC1586E2E0A50B2002B1B23 /* MainTabBarController.swift in Sources */ = {isa = PBXBuildFile; fileRef = AEC1582E2E0A50B2002B1B23 /* MainTabBarController.swift */; };
		AEC1586F2E0A50B2002B1B23 /* TermsViewController.swift in Sources */ = {isa = PBXBuildFile; fileRef = AEC1582F2E0A50B2002B1B23 /* TermsViewController.swift */; };
		AEC158702E0A50B2002B1B23 /* WebViewController.swift in Sources */ = {isa = PBXBuildFile; fileRef = AEC158302E0A50B2002B1B23 /* WebViewController.swift */; };
		AEC158712E0A50B2002B1B23 /* RunUserManager.swift in Sources */ = {isa = PBXBuildFile; fileRef = AEC158332E0A50B2002B1B23 /* RunUserManager.swift */; };
		AEC158722E0A50B2002B1B23 /* ImportPods.swift in Sources */ = {isa = PBXBuildFile; fileRef = AEC158382E0A50B2002B1B23 /* ImportPods.swift */; };
		AEC158732E0A50B2002B1B23 /* AppDelegate.swift in Sources */ = {isa = PBXBuildFile; fileRef = AEC158452E0A50B2002B1B23 /* AppDelegate.swift */; };
		AEC158742E0A50B2002B1B23 /* GeneratedPluginRegistrant.m in Sources */ = {isa = PBXBuildFile; fileRef = AEC158472E0A50B2002B1B23 /* GeneratedPluginRegistrant.m */; };
		AEC158752E0A50B2002B1B23 /* aiList.geojson in Resources */ = {isa = PBXBuildFile; fileRef = AEC158352E0A50B2002B1B23 /* aiList.geojson */; };
		AEC158762E0A50B2002B1B23 /* Assets.xcassets in Resources */ = {isa = PBXBuildFile; fileRef = AEC158362E0A50B2002B1B23 /* Assets.xcassets */; };
		AEC158772E0A50B2002B1B23 /* Freestyle.mp3 in Resources */ = {isa = PBXBuildFile; fileRef = AEC158372E0A50B2002B1B23 /* Freestyle.mp3 */; };
		AEC158782E0A50B2002B1B23 /* Paradise_faraway.mp3 in Resources */ = {isa = PBXBuildFile; fileRef = AEC158392E0A50B2002B1B23 /* Paradise_faraway.mp3 */; };
		AEC158792E0A50B2002B1B23 /* PrivacyInfo.xcprivacy in Resources */ = {isa = PBXBuildFile; fileRef = AEC1583A2E0A50B2002B1B23 /* PrivacyInfo.xcprivacy */; };
		AEC1587A2E0A50B2002B1B23 /* Pulse.mp3 in Resources */ = {isa = PBXBuildFile; fileRef = AEC1583B2E0A50B2002B1B23 /* Pulse.mp3 */; };
		AEC1587B2E0A50B2002B1B23 /* Radiant_Pulse.mp3 in Resources */ = {isa = PBXBuildFile; fileRef = AEC1583C2E0A50B2002B1B23 /* Radiant_Pulse.mp3 */; };
		AEC1587C2E0A50B2002B1B23 /* RiverofHope.mp3 in Resources */ = {isa = PBXBuildFile; fileRef = AEC1583D2E0A50B2002B1B23 /* RiverofHope.mp3 */; };
		AEC1587D2E0A50B2002B1B23 /* Silence.mp3 in Resources */ = {isa = PBXBuildFile; fileRef = AEC1583E2E0A50B2002B1B23 /* Silence.mp3 */; };
		AEC1587E2E0A50B2002B1B23 /* Stay_Close_Me.mp3 in Resources */ = {isa = PBXBuildFile; fileRef = AEC1583F2E0A50B2002B1B23 /* Stay_Close_Me.mp3 */; };
		AEC1587F2E0A50B2002B1B23 /* Suprenova.mp3 in Resources */ = {isa = PBXBuildFile; fileRef = AEC158402E0A50B2002B1B23 /* Suprenova.mp3 */; };
		AEC158802E0A50B2002B1B23 /* ThroughDustWithGrace.mp3 in Resources */ = {isa = PBXBuildFile; fileRef = AEC158412E0A50B2002B1B23 /* ThroughDustWithGrace.mp3 */; };
		AEC158812E0A50B2002B1B23 /* Triggered.mp3 in Resources */ = {isa = PBXBuildFile; fileRef = AEC158422E0A50B2002B1B23 /* Triggered.mp3 */; };
		AEC158842E0A50B2002B1B23 /* LaunchScreen.storyboard in Resources */ = {isa = PBXBuildFile; fileRef = AEC1584A2E0A50B2002B1B23 /* LaunchScreen.storyboard */; };
		AEC158852E0A50B2002B1B23 /* Main.storyboard in Resources */ = {isa = PBXBuildFile; fileRef = AEC1584C2E0A50B2002B1B23 /* Main.storyboard */; };
/* End PBXBuildFile section */

/* Begin PBXCopyFilesBuildPhase section */
		9705A1C41CF9048500538489 /* Embed Frameworks */ = {
			isa = PBXCopyFilesBuildPhase;
			buildActionMask = 2147483647;
			dstPath = "";
			dstSubfolderSpec = 10;
			files = (
			);
			name = "Embed Frameworks";
			runOnlyForDeploymentPostprocessing = 0;
		};
/* End PBXCopyFilesBuildPhase section */

/* Begin PBXFileReference section */
		2DD1C241684AF40339082412 /* Pods_Runner.framework */ = {isa = PBXFileReference; explicitFileType = wrapper.framework; includeInIndex = 0; path = Pods_Runner.framework; sourceTree = BUILT_PRODUCTS_DIR; };
		3B3967151E833CAA004F5970 /* AppFrameworkInfo.plist */ = {isa = PBXFileReference; fileEncoding = 4; lastKnownFileType = text.plist.xml; name = AppFrameworkInfo.plist; path = Flutter/AppFrameworkInfo.plist; sourceTree = "<group>"; };
		53A61C4CAC9F2F9A54D3210B /* Pods-Runner.profile.xcconfig */ = {isa = PBXFileReference; includeInIndex = 1; lastKnownFileType = text.xcconfig; name = "Pods-Runner.profile.xcconfig"; path = "Target Support Files/Pods-Runner/Pods-Runner.profile.xcconfig"; sourceTree = "<group>"; };
		5AB7FC6E0FA1131FDFB1B9DE /* Pods-Runner.debug.xcconfig */ = {isa = PBXFileReference; includeInIndex = 1; lastKnownFileType = text.xcconfig; name = "Pods-Runner.debug.xcconfig"; path = "Target Support Files/Pods-Runner/Pods-Runner.debug.xcconfig"; sourceTree = "<group>"; };
		7AFA3C8E1D35360C0083082E /* Release.xcconfig */ = {isa = PBXFileReference; lastKnownFileType = text.xcconfig; name = Release.xcconfig; path = Flutter/Release.xcconfig; sourceTree = "<group>"; };
		9740EEB21CF90195004384FC /* Debug.xcconfig */ = {isa = PBXFileReference; fileEncoding = 4; lastKnownFileType = text.xcconfig; name = Debug.xcconfig; path = Flutter/Debug.xcconfig; sourceTree = "<group>"; };
		9740EEB31CF90195004384FC /* Generated.xcconfig */ = {isa = PBXFileReference; fileEncoding = 4; lastKnownFileType = text.xcconfig; name = Generated.xcconfig; path = Flutter/Generated.xcconfig; sourceTree = "<group>"; };
		97C146EE1CF9000F007C117D /* Runner.app */ = {isa = PBXFileReference; explicitFileType = wrapper.application; includeInIndex = 0; path = Runner.app; sourceTree = BUILT_PRODUCTS_DIR; };
		9FE4F29F41C6778CBC85ED5E /* Pods-Runner.release.xcconfig */ = {isa = PBXFileReference; includeInIndex = 1; lastKnownFileType = text.xcconfig; name = "Pods-Runner.release.xcconfig"; path = "Target Support Files/Pods-Runner/Pods-Runner.release.xcconfig"; sourceTree = "<group>"; };
		AEC158052E0A50B2002B1B23 /* BaseController.swift */ = {isa = PBXFileReference; lastKnownFileType = sourcecode.swift; path = BaseController.swift; sourceTree = "<group>"; };
		AEC158062E0A50B2002B1B23 /* BaseNavigationController.swift */ = {isa = PBXFileReference; lastKnownFileType = sourcecode.swift; path = BaseNavigationController.swift; sourceTree = "<group>"; };
		AEC158082E0A50B2002B1B23 /* UIColor+HEX.swift */ = {isa = PBXFileReference; lastKnownFileType = sourcecode.swift; path = "UIColor+HEX.swift"; sourceTree = "<group>"; };
		AEC158092E0A50B2002B1B23 /* UIDevice+Spaceing.swift */ = {isa = PBXFileReference; lastKnownFileType = sourcecode.swift; path = "UIDevice+Spaceing.swift"; sourceTree = "<group>"; };
		AEC1580A2E0A50B2002B1B23 /* UIView+Frame.swift */ = {isa = PBXFileReference; lastKnownFileType = sourcecode.swift; path = "UIView+Frame.swift"; sourceTree = "<group>"; };
		AEC1580C2E0A50B2002B1B23 /* ExploreCollectionViewCell.swift */ = {isa = PBXFileReference; lastKnownFileType = sourcecode.swift; path = ExploreCollectionViewCell.swift; sourceTree = "<group>"; };
		AEC1580E2E0A50B2002B1B23 /* ExploreViewController.swift */ = {isa = PBXFileReference; lastKnownFileType = sourcecode.swift; path = ExploreViewController.swift; sourceTree = "<group>"; };
		AEC158102E0A50B2002B1B23 /* AIAboutCell.swift */ = {isa = PBXFileReference; lastKnownFileType = sourcecode.swift; path = AIAboutCell.swift; sourceTree = "<group>"; };
		AEC158112E0A50B2002B1B23 /* AIPhotoCell.swift */ = {isa = PBXFileReference; lastKnownFileType = sourcecode.swift; path = AIPhotoCell.swift; sourceTree = "<group>"; };
		AEC158122E0A50B2002B1B23 /* AIProfileCell.swift */ = {isa = PBXFileReference; lastKnownFileType = sourcecode.swift; path = AIProfileCell.swift; sourceTree = "<group>"; };
		AEC158132E0A50B2002B1B23 /* HomeAICharacterCell.swift */ = {isa = PBXFileReference; lastKnownFileType = sourcecode.swift; path = HomeAICharacterCell.swift; sourceTree = "<group>"; };
		AEC158152E0A50B2002B1B23 /* AICharacterController.swift */ = {isa = PBXFileReference; lastKnownFileType = sourcecode.swift; path = AICharacterController.swift; sourceTree = "<group>"; };
		AEC158162E0A50B2002B1B23 /* HomeViewController.swift */ = {isa = PBXFileReference; lastKnownFileType = sourcecode.swift; path = HomeViewController.swift; sourceTree = "<group>"; };
		AEC158172E0A50B2002B1B23 /* ReportAIController.swift */ = {isa = PBXFileReference; lastKnownFileType = sourcecode.swift; path = ReportAIController.swift; sourceTree = "<group>"; };
		AEC158192E0A50B2002B1B23 /* MenuTableViewCell.swift */ = {isa = PBXFileReference; lastKnownFileType = sourcecode.swift; path = MenuTableViewCell.swift; sourceTree = "<group>"; };
		AEC1581B2E0A50B2002B1B23 /* AboutAppViewController.swift */ = {isa = PBXFileReference; lastKnownFileType = sourcecode.swift; path = AboutAppViewController.swift; sourceTree = "<group>"; };
		AEC1581C2E0A50B2002B1B23 /* AboutUsViewController.swift */ = {isa = PBXFileReference; lastKnownFileType = sourcecode.swift; path = AboutUsViewController.swift; sourceTree = "<group>"; };
		AEC1581D2E0A50B2002B1B23 /* BackgroundMusicController.swift */ = {isa = PBXFileReference; lastKnownFileType = sourcecode.swift; path = BackgroundMusicController.swift; sourceTree = "<group>"; };
		AEC1581E2E0A50B2002B1B23 /* BackgroundMusicManager.swift */ = {isa = PBXFileReference; lastKnownFileType = sourcecode.swift; path = BackgroundMusicManager.swift; sourceTree = "<group>"; };
		AEC1581F2E0A50B2002B1B23 /* EditProfileViewController.swift */ = {isa = PBXFileReference; lastKnownFileType = sourcecode.swift; path = EditProfileViewController.swift; sourceTree = "<group>"; };
		AEC158202E0A50B2002B1B23 /* MusicFloatingButton.swift */ = {isa = PBXFileReference; lastKnownFileType = sourcecode.swift; path = MusicFloatingButton.swift; sourceTree = "<group>"; };
		AEC158212E0A50B2002B1B23 /* ProfileViewController.swift */ = {isa = PBXFileReference; lastKnownFileType = sourcecode.swift; path = ProfileViewController.swift; sourceTree = "<group>"; };
		AEC158222E0A50B2002B1B23 /* UserProfileManager.swift */ = {isa = PBXFileReference; lastKnownFileType = sourcecode.swift; path = UserProfileManager.swift; sourceTree = "<group>"; };
		AEC158242E0A50B2002B1B23 /* AIMessageCell.swift */ = {isa = PBXFileReference; lastKnownFileType = sourcecode.swift; path = AIMessageCell.swift; sourceTree = "<group>"; };
		AEC158262E0A50B2002B1B23 /* AICharacterInfoModel.swift */ = {isa = PBXFileReference; lastKnownFileType = sourcecode.swift; path = AICharacterInfoModel.swift; sourceTree = "<group>"; };
		AEC158272E0A50B2002B1B23 /* ChatMessageRealm.swift */ = {isa = PBXFileReference; lastKnownFileType = sourcecode.swift; path = ChatMessageRealm.swift; sourceTree = "<group>"; };
		AEC158282E0A50B2002B1B23 /* MessageCallVideoController.swift */ = {isa = PBXFileReference; lastKnownFileType = sourcecode.swift; path = MessageCallVideoController.swift; sourceTree = "<group>"; };
		AEC158292E0A50B2002B1B23 /* MessageChatController.swift */ = {isa = PBXFileReference; lastKnownFileType = sourcecode.swift; path = MessageChatController.swift; sourceTree = "<group>"; };
		AEC1582A2E0A50B2002B1B23 /* MessageViewController.swift */ = {isa = PBXFileReference; lastKnownFileType = sourcecode.swift; path = MessageViewController.swift; sourceTree = "<group>"; };
		AEC1582B2E0A50B2002B1B23 /* ZhipuAIService.swift */ = {isa = PBXFileReference; lastKnownFileType = sourcecode.swift; path = ZhipuAIService.swift; sourceTree = "<group>"; };
		AEC1582D2E0A50B2002B1B23 /* CustomTabBar.swift */ = {isa = PBXFileReference; lastKnownFileType = sourcecode.swift; path = CustomTabBar.swift; sourceTree = "<group>"; };
		AEC1582E2E0A50B2002B1B23 /* MainTabBarController.swift */ = {isa = PBXFileReference; lastKnownFileType = sourcecode.swift; path = MainTabBarController.swift; sourceTree = "<group>"; };
		AEC1582F2E0A50B2002B1B23 /* TermsViewController.swift */ = {isa = PBXFileReference; lastKnownFileType = sourcecode.swift; path = TermsViewController.swift; sourceTree = "<group>"; };
		AEC158302E0A50B2002B1B23 /* WebViewController.swift */ = {isa = PBXFileReference; lastKnownFileType = sourcecode.swift; path = WebViewController.swift; sourceTree = "<group>"; };
		AEC158332E0A50B2002B1B23 /* RunUserManager.swift */ = {isa = PBXFileReference; lastKnownFileType = sourcecode.swift; path = RunUserManager.swift; sourceTree = "<group>"; };
		AEC158352E0A50B2002B1B23 /* aiList.geojson */ = {isa = PBXFileReference; lastKnownFileType = text; path = aiList.geojson; sourceTree = "<group>"; };
		AEC158362E0A50B2002B1B23 /* Assets.xcassets */ = {isa = PBXFileReference; lastKnownFileType = folder.assetcatalog; path = Assets.xcassets; sourceTree = "<group>"; };
		AEC158372E0A50B2002B1B23 /* Freestyle.mp3 */ = {isa = PBXFileReference; lastKnownFileType = audio.mp3; path = Freestyle.mp3; sourceTree = "<group>"; };
		AEC158382E0A50B2002B1B23 /* ImportPods.swift */ = {isa = PBXFileReference; lastKnownFileType = sourcecode.swift; path = ImportPods.swift; sourceTree = "<group>"; };
		AEC158392E0A50B2002B1B23 /* Paradise_faraway.mp3 */ = {isa = PBXFileReference; lastKnownFileType = audio.mp3; path = Paradise_faraway.mp3; sourceTree = "<group>"; };
		AEC1583A2E0A50B2002B1B23 /* PrivacyInfo.xcprivacy */ = {isa = PBXFileReference; lastKnownFileType = text.xml; path = PrivacyInfo.xcprivacy; sourceTree = "<group>"; };
		AEC1583B2E0A50B2002B1B23 /* Pulse.mp3 */ = {isa = PBXFileReference; lastKnownFileType = audio.mp3; path = Pulse.mp3; sourceTree = "<group>"; };
		AEC1583C2E0A50B2002B1B23 /* Radiant_Pulse.mp3 */ = {isa = PBXFileReference; lastKnownFileType = audio.mp3; path = Radiant_Pulse.mp3; sourceTree = "<group>"; };
		AEC1583D2E0A50B2002B1B23 /* RiverofHope.mp3 */ = {isa = PBXFileReference; lastKnownFileType = audio.mp3; path = RiverofHope.mp3; sourceTree = "<group>"; };
		AEC1583E2E0A50B2002B1B23 /* Silence.mp3 */ = {isa = PBXFileReference; lastKnownFileType = audio.mp3; path = Silence.mp3; sourceTree = "<group>"; };
		AEC1583F2E0A50B2002B1B23 /* Stay_Close_Me.mp3 */ = {isa = PBXFileReference; lastKnownFileType = audio.mp3; path = Stay_Close_Me.mp3; sourceTree = "<group>"; };
		AEC158402E0A50B2002B1B23 /* Suprenova.mp3 */ = {isa = PBXFileReference; lastKnownFileType = audio.mp3; path = Suprenova.mp3; sourceTree = "<group>"; };
		AEC158412E0A50B2002B1B23 /* ThroughDustWithGrace.mp3 */ = {isa = PBXFileReference; lastKnownFileType = audio.mp3; path = ThroughDustWithGrace.mp3; sourceTree = "<group>"; };
		AEC158422E0A50B2002B1B23 /* Triggered.mp3 */ = {isa = PBXFileReference; lastKnownFileType = audio.mp3; path = Triggered.mp3; sourceTree = "<group>"; };
		AEC158452E0A50B2002B1B23 /* AppDelegate.swift */ = {isa = PBXFileReference; lastKnownFileType = sourcecode.swift; path = AppDelegate.swift; sourceTree = "<group>"; };
		AEC158462E0A50B2002B1B23 /* GeneratedPluginRegistrant.h */ = {isa = PBXFileReference; lastKnownFileType = sourcecode.c.h; path = GeneratedPluginRegistrant.h; sourceTree = "<group>"; };
		AEC158472E0A50B2002B1B23 /* GeneratedPluginRegistrant.m */ = {isa = PBXFileReference; lastKnownFileType = sourcecode.c.objc; path = GeneratedPluginRegistrant.m; sourceTree = "<group>"; };
		AEC158482E0A50B2002B1B23 /* Info.plist */ = {isa = PBXFileReference; lastKnownFileType = text.plist.xml; path = Info.plist; sourceTree = "<group>"; };
		AEC158492E0A50B2002B1B23 /* Base */ = {isa = PBXFileReference; lastKnownFileType = file.storyboard; name = Base; path = Base.lproj/LaunchScreen.storyboard; sourceTree = "<group>"; };
		AEC1584B2E0A50B2002B1B23 /* Base */ = {isa = PBXFileReference; lastKnownFileType = file.storyboard; name = Base; path = Base.lproj/Main.storyboard; sourceTree = "<group>"; };
		AEC1584D2E0A50B2002B1B23 /* Runner-Bridging-Header.h */ = {isa = PBXFileReference; lastKnownFileType = sourcecode.c.h; path = "Runner-Bridging-Header.h"; sourceTree = "<group>"; };
/* End PBXFileReference section */

/* Begin PBXFrameworksBuildPhase section */
		97C146EB1CF9000F007C117D /* Frameworks */ = {
			isa = PBXFrameworksBuildPhase;
			buildActionMask = 2147483647;
			files = (
				A4BAAB4F06A7611B59C06738 /* Pods_Runner.framework in Frameworks */,
			);
			runOnlyForDeploymentPostprocessing = 0;
		};
/* End PBXFrameworksBuildPhase section */

/* Begin PBXGroup section */
		922A9F83EDF3A3F49CC37B72 /* Pods */ = {
			isa = PBXGroup;
			children = (
				5AB7FC6E0FA1131FDFB1B9DE /* Pods-Runner.debug.xcconfig */,
				9FE4F29F41C6778CBC85ED5E /* Pods-Runner.release.xcconfig */,
				53A61C4CAC9F2F9A54D3210B /* Pods-Runner.profile.xcconfig */,
			);
			path = Pods;
			sourceTree = "<group>";
		};
		9740EEB11CF90186004384FC /* Flutter */ = {
			isa = PBXGroup;
			children = (
				3B3967151E833CAA004F5970 /* AppFrameworkInfo.plist */,
				9740EEB21CF90195004384FC /* Debug.xcconfig */,
				7AFA3C8E1D35360C0083082E /* Release.xcconfig */,
				9740EEB31CF90195004384FC /* Generated.xcconfig */,
			);
			name = Flutter;
			sourceTree = "<group>";
		};
		97C146E51CF9000F007C117D = {
			isa = PBXGroup;
			children = (
				9740EEB11CF90186004384FC /* Flutter */,
				AEC1584E2E0A50B2002B1B23 /* Runner */,
				97C146EF1CF9000F007C117D /* Products */,
				922A9F83EDF3A3F49CC37B72 /* Pods */,
				D0175F60841DB6FCC55E7D53 /* Frameworks */,
			);
			sourceTree = "<group>";
		};
		97C146EF1CF9000F007C117D /* Products */ = {
			isa = PBXGroup;
			children = (
				97C146EE1CF9000F007C117D /* Runner.app */,
			);
			name = Products;
			sourceTree = "<group>";
		};
		AEC158072E0A50B2002B1B23 /* Base */ = {
			isa = PBXGroup;
			children = (
				AEC158052E0A50B2002B1B23 /* BaseController.swift */,
				AEC158062E0A50B2002B1B23 /* BaseNavigationController.swift */,
			);
			path = Base;
			sourceTree = "<group>";
		};
		AEC1580B2E0A50B2002B1B23 /* Category */ = {
			isa = PBXGroup;
			children = (
				AEC158082E0A50B2002B1B23 /* UIColor+HEX.swift */,
				AEC158092E0A50B2002B1B23 /* UIDevice+Spaceing.swift */,
				AEC1580A2E0A50B2002B1B23 /* UIView+Frame.swift */,
			);
			path = Category;
			sourceTree = "<group>";
		};
		AEC1580D2E0A50B2002B1B23 /* View */ = {
			isa = PBXGroup;
			children = (
				AEC1580C2E0A50B2002B1B23 /* ExploreCollectionViewCell.swift */,
			);
			path = View;
			sourceTree = "<group>";
		};
		AEC1580F2E0A50B2002B1B23 /* Discovery */ = {
			isa = PBXGroup;
			children = (
				AEC1580D2E0A50B2002B1B23 /* View */,
				AEC1580E2E0A50B2002B1B23 /* ExploreViewController.swift */,
			);
			path = Discovery;
			sourceTree = "<group>";
		};
		AEC158142E0A50B2002B1B23 /* View */ = {
			isa = PBXGroup;
			children = (
				AEC158102E0A50B2002B1B23 /* AIAboutCell.swift */,
				AEC158112E0A50B2002B1B23 /* AIPhotoCell.swift */,
				AEC158122E0A50B2002B1B23 /* AIProfileCell.swift */,
				AEC158132E0A50B2002B1B23 /* HomeAICharacterCell.swift */,
			);
			path = View;
			sourceTree = "<group>";
		};
		AEC158182E0A50B2002B1B23 /* Home */ = {
			isa = PBXGroup;
			children = (
				AEC158142E0A50B2002B1B23 /* View */,
				AEC158152E0A50B2002B1B23 /* AICharacterController.swift */,
				AEC158162E0A50B2002B1B23 /* HomeViewController.swift */,
				AEC158172E0A50B2002B1B23 /* ReportAIController.swift */,
			);
			path = Home;
			sourceTree = "<group>";
		};
		AEC1581A2E0A50B2002B1B23 /* View */ = {
			isa = PBXGroup;
			children = (
				AEC158192E0A50B2002B1B23 /* MenuTableViewCell.swift */,
			);
			path = View;
			sourceTree = "<group>";
		};
		AEC158232E0A50B2002B1B23 /* Mine */ = {
			isa = PBXGroup;
			children = (
				AEC1581A2E0A50B2002B1B23 /* View */,
				AEC1581B2E0A50B2002B1B23 /* AboutAppViewController.swift */,
				AEC1581C2E0A50B2002B1B23 /* AboutUsViewController.swift */,
				AEC1581D2E0A50B2002B1B23 /* BackgroundMusicController.swift */,
				AEC1581E2E0A50B2002B1B23 /* BackgroundMusicManager.swift */,
				AEC1581F2E0A50B2002B1B23 /* EditProfileViewController.swift */,
				AEC158202E0A50B2002B1B23 /* MusicFloatingButton.swift */,
				AEC158212E0A50B2002B1B23 /* ProfileViewController.swift */,
				AEC158222E0A50B2002B1B23 /* UserProfileManager.swift */,
			);
			path = Mine;
			sourceTree = "<group>";
		};
		AEC158252E0A50B2002B1B23 /* View */ = {
			isa = PBXGroup;
			children = (
				AEC158242E0A50B2002B1B23 /* AIMessageCell.swift */,
			);
			path = View;
			sourceTree = "<group>";
		};
		AEC1582C2E0A50B2002B1B23 /* Msg */ = {
			isa = PBXGroup;
			children = (
				AEC158252E0A50B2002B1B23 /* View */,
				AEC158262E0A50B2002B1B23 /* AICharacterInfoModel.swift */,
				AEC158272E0A50B2002B1B23 /* ChatMessageRealm.swift */,
				AEC158282E0A50B2002B1B23 /* MessageCallVideoController.swift */,
				AEC158292E0A50B2002B1B23 /* MessageChatController.swift */,
				AEC1582A2E0A50B2002B1B23 /* MessageViewController.swift */,
				AEC1582B2E0A50B2002B1B23 /* ZhipuAIService.swift */,
			);
			path = Msg;
			sourceTree = "<group>";
		};
		AEC158312E0A50B2002B1B23 /* Root */ = {
			isa = PBXGroup;
			children = (
				AEC1582D2E0A50B2002B1B23 /* CustomTabBar.swift */,
				AEC1582E2E0A50B2002B1B23 /* MainTabBarController.swift */,
				AEC1582F2E0A50B2002B1B23 /* TermsViewController.swift */,
				AEC158302E0A50B2002B1B23 /* WebViewController.swift */,
			);
			path = Root;
			sourceTree = "<group>";
		};
		AEC158322E0A50B2002B1B23 /* Class */ = {
			isa = PBXGroup;
			children = (
				AEC158072E0A50B2002B1B23 /* Base */,
				AEC1580B2E0A50B2002B1B23 /* Category */,
				AEC1580F2E0A50B2002B1B23 /* Discovery */,
				AEC158182E0A50B2002B1B23 /* Home */,
				AEC158232E0A50B2002B1B23 /* Mine */,
				AEC1582C2E0A50B2002B1B23 /* Msg */,
				AEC158312E0A50B2002B1B23 /* Root */,
			);
			path = Class;
			sourceTree = "<group>";
		};
		AEC158342E0A50B2002B1B23 /* Manager */ = {
			isa = PBXGroup;
			children = (
				AEC158332E0A50B2002B1B23 /* RunUserManager.swift */,
			);
			path = Manager;
			sourceTree = "<group>";
		};
		AEC158442E0A50B2002B1B23 /* Resource */ = {
			isa = PBXGroup;
			children = (
				AEC158352E0A50B2002B1B23 /* aiList.geojson */,
				AEC158362E0A50B2002B1B23 /* Assets.xcassets */,
				AEC158372E0A50B2002B1B23 /* Freestyle.mp3 */,
				AEC158382E0A50B2002B1B23 /* ImportPods.swift */,
				AEC158392E0A50B2002B1B23 /* Paradise_faraway.mp3 */,
				AEC1583A2E0A50B2002B1B23 /* PrivacyInfo.xcprivacy */,
				AEC1583B2E0A50B2002B1B23 /* Pulse.mp3 */,
				AEC1583C2E0A50B2002B1B23 /* Radiant_Pulse.mp3 */,
				AEC1583D2E0A50B2002B1B23 /* RiverofHope.mp3 */,
				AEC1583E2E0A50B2002B1B23 /* Silence.mp3 */,
				AEC1583F2E0A50B2002B1B23 /* Stay_Close_Me.mp3 */,
				AEC158402E0A50B2002B1B23 /* Suprenova.mp3 */,
				AEC158412E0A50B2002B1B23 /* ThroughDustWithGrace.mp3 */,
				AEC158422E0A50B2002B1B23 /* Triggered.mp3 */,
			);
			path = Resource;
			sourceTree = "<group>";
		};
		AEC1584E2E0A50B2002B1B23 /* Runner */ = {
			isa = PBXGroup;
			children = (
				AEC158322E0A50B2002B1B23 /* Class */,
				AEC158342E0A50B2002B1B23 /* Manager */,
				AEC158442E0A50B2002B1B23 /* Resource */,
				AEC158452E0A50B2002B1B23 /* AppDelegate.swift */,
				AEC158462E0A50B2002B1B23 /* GeneratedPluginRegistrant.h */,
				AEC158472E0A50B2002B1B23 /* GeneratedPluginRegistrant.m */,
				AEC158482E0A50B2002B1B23 /* Info.plist */,
				AEC1584A2E0A50B2002B1B23 /* LaunchScreen.storyboard */,
				AEC1584C2E0A50B2002B1B23 /* Main.storyboard */,
				AEC1584D2E0A50B2002B1B23 /* Runner-Bridging-Header.h */,
			);
			path = Runner;
			sourceTree = "<group>";
		};
		D0175F60841DB6FCC55E7D53 /* Frameworks */ = {
			isa = PBXGroup;
			children = (
				2DD1C241684AF40339082412 /* Pods_Runner.framework */,
			);
			name = Frameworks;
			sourceTree = "<group>";
		};
/* End PBXGroup section */

/* Begin PBXNativeTarget section */
		97C146ED1CF9000F007C117D /* Runner */ = {
			isa = PBXNativeTarget;
			buildConfigurationList = 97C147051CF9000F007C117D /* Build configuration list for PBXNativeTarget "Runner" */;
			buildPhases = (
				E503D0EEA58A9456F3F562A6 /* [CP] Check Pods Manifest.lock */,
				9740EEB61CF901F6004384FC /* Run Script */,
				97C146EA1CF9000F007C117D /* Sources */,
				97C146EB1CF9000F007C117D /* Frameworks */,
				97C146EC1CF9000F007C117D /* Resources */,
				9705A1C41CF9048500538489 /* Embed Frameworks */,
				3B06AD1E1E4923F5004D2608 /* Thin Binary */,
				A6981010822F23245851C717 /* [CP] Embed Pods Frameworks */,
			);
			buildRules = (
			);
			dependencies = (
			);
			name = Runner;
			productName = Runner;
			productReference = 97C146EE1CF9000F007C117D /* Runner.app */;
			productType = "com.apple.product-type.application";
		};
/* End PBXNativeTarget section */

/* Begin PBXProject section */
		97C146E61CF9000F007C117D /* Project object */ = {
			isa = PBXProject;
			attributes = {
				BuildIndependentTargetsInParallel = YES;
				LastUpgradeCheck = 1430;
				ORGANIZATIONNAME = "";
				TargetAttributes = {
					97C146ED1CF9000F007C117D = {
						CreatedOnToolsVersion = 7.3.1;
						LastSwiftMigration = 1100;
					};
				};
			};
			buildConfigurationList = 97C146E91CF9000F007C117D /* Build configuration list for PBXProject "Runner" */;
			compatibilityVersion = "Xcode 9.3";
			developmentRegion = en;
			hasScannedForEncodings = 0;
			knownRegions = (
				en,
				Base,
			);
			mainGroup = 97C146E51CF9000F007C117D;
			productRefGroup = 97C146EF1CF9000F007C117D /* Products */;
			projectDirPath = "";
			projectRoot = "";
			targets = (
				97C146ED1CF9000F007C117D /* Runner */,
			);
		};
/* End PBXProject section */

/* Begin PBXResourcesBuildPhase section */
		97C146EC1CF9000F007C117D /* Resources */ = {
			isa = PBXResourcesBuildPhase;
			buildActionMask = 2147483647;
			files = (
				3B3967161E833CAA004F5970 /* AppFrameworkInfo.plist in Resources */,
				AEC158752E0A50B2002B1B23 /* aiList.geojson in Resources */,
				AEC158762E0A50B2002B1B23 /* Assets.xcassets in Resources */,
				AEC158772E0A50B2002B1B23 /* Freestyle.mp3 in Resources */,
				AEC158782E0A50B2002B1B23 /* Paradise_faraway.mp3 in Resources */,
				AEC158792E0A50B2002B1B23 /* PrivacyInfo.xcprivacy in Resources */,
				AEC1587A2E0A50B2002B1B23 /* Pulse.mp3 in Resources */,
				AEC1587B2E0A50B2002B1B23 /* Radiant_Pulse.mp3 in Resources */,
				AEC1587C2E0A50B2002B1B23 /* RiverofHope.mp3 in Resources */,
				AEC1587D2E0A50B2002B1B23 /* Silence.mp3 in Resources */,
				AEC1587E2E0A50B2002B1B23 /* Stay_Close_Me.mp3 in Resources */,
				AEC1587F2E0A50B2002B1B23 /* Suprenova.mp3 in Resources */,
				AEC158802E0A50B2002B1B23 /* ThroughDustWithGrace.mp3 in Resources */,
				AEC158812E0A50B2002B1B23 /* Triggered.mp3 in Resources */,
				AEC158842E0A50B2002B1B23 /* LaunchScreen.storyboard in Resources */,
				AEC158852E0A50B2002B1B23 /* Main.storyboard in Resources */,
			);
			runOnlyForDeploymentPostprocessing = 0;
		};
/* End PBXResourcesBuildPhase section */

/* Begin PBXShellScriptBuildPhase section */
		3B06AD1E1E4923F5004D2608 /* Thin Binary */ = {
			isa = PBXShellScriptBuildPhase;
			alwaysOutOfDate = 1;
			buildActionMask = 2147483647;
			files = (
			);
			inputPaths = (
				"${TARGET_BUILD_DIR}/${INFOPLIST_PATH}",
			);
			name = "Thin Binary";
			outputPaths = (
			);
			runOnlyForDeploymentPostprocessing = 0;
			shellPath = /bin/sh;
			shellScript = "/bin/sh \"$FLUTTER_ROOT/packages/flutter_tools/bin/xcode_backend.sh\" embed_and_thin";
		};
		9740EEB61CF901F6004384FC /* Run Script */ = {
			isa = PBXShellScriptBuildPhase;
			alwaysOutOfDate = 1;
			buildActionMask = 2147483647;
			files = (
			);
			inputPaths = (
			);
			name = "Run Script";
			outputPaths = (
			);
			runOnlyForDeploymentPostprocessing = 0;
			shellPath = /bin/sh;
			shellScript = "/bin/sh \"$FLUTTER_ROOT/packages/flutter_tools/bin/xcode_backend.sh\" build";
		};
		A6981010822F23245851C717 /* [CP] Embed Pods Frameworks */ = {
			isa = PBXShellScriptBuildPhase;
			buildActionMask = 2147483647;
			files = (
			);
			inputFileListPaths = (
				"${PODS_ROOT}/Target Support Files/Pods-Runner/Pods-Runner-frameworks-${CONFIGURATION}-input-files.xcfilelist",
			);
			name = "[CP] Embed Pods Frameworks";
			outputFileListPaths = (
				"${PODS_ROOT}/Target Support Files/Pods-Runner/Pods-Runner-frameworks-${CONFIGURATION}-output-files.xcfilelist",
			);
			runOnlyForDeploymentPostprocessing = 0;
			shellPath = /bin/sh;
			shellScript = "\"${PODS_ROOT}/Target Support Files/Pods-Runner/Pods-Runner-frameworks.sh\"\n";
			showEnvVarsInLog = 0;
		};
		E503D0EEA58A9456F3F562A6 /* [CP] Check Pods Manifest.lock */ = {
			isa = PBXShellScriptBuildPhase;
			buildActionMask = 2147483647;
			files = (
			);
			inputFileListPaths = (
			);
			inputPaths = (
				"${PODS_PODFILE_DIR_PATH}/Podfile.lock",
				"${PODS_ROOT}/Manifest.lock",
			);
			name = "[CP] Check Pods Manifest.lock";
			outputFileListPaths = (
			);
			outputPaths = (
				"$(DERIVED_FILE_DIR)/Pods-Runner-checkManifestLockResult.txt",
			);
			runOnlyForDeploymentPostprocessing = 0;
			shellPath = /bin/sh;
			shellScript = "diff \"${PODS_PODFILE_DIR_PATH}/Podfile.lock\" \"${PODS_ROOT}/Manifest.lock\" > /dev/null\nif [ $? != 0 ] ; then\n    # print error to STDERR\n    echo \"error: The sandbox is not in sync with the Podfile.lock. Run 'pod install' or update your CocoaPods installation.\" >&2\n    exit 1\nfi\n# This output is used by Xcode 'outputs' to avoid re-running this script phase.\necho \"SUCCESS\" > \"${SCRIPT_OUTPUT_FILE_0}\"\n";
			showEnvVarsInLog = 0;
		};
/* End PBXShellScriptBuildPhase section */

/* Begin PBXSourcesBuildPhase section */
		97C146EA1CF9000F007C117D /* Sources */ = {
			isa = PBXSourcesBuildPhase;
			buildActionMask = 2147483647;
			files = (
				AEC1584F2E0A50B2002B1B23 /* BaseController.swift in Sources */,
				AEC158502E0A50B2002B1B23 /* BaseNavigationController.swift in Sources */,
				AEC158512E0A50B2002B1B23 /* UIColor+HEX.swift in Sources */,
				AEC158522E0A50B2002B1B23 /* UIDevice+Spaceing.swift in Sources */,
				AEC158532E0A50B2002B1B23 /* UIView+Frame.swift in Sources */,
				AEC158542E0A50B2002B1B23 /* ExploreCollectionViewCell.swift in Sources */,
				AEC158552E0A50B2002B1B23 /* ExploreViewController.swift in Sources */,
				AEC158562E0A50B2002B1B23 /* AIAboutCell.swift in Sources */,
				AEC158572E0A50B2002B1B23 /* AIPhotoCell.swift in Sources */,
				AEC158582E0A50B2002B1B23 /* AIProfileCell.swift in Sources */,
				AEC158592E0A50B2002B1B23 /* HomeAICharacterCell.swift in Sources */,
				AEC1585A2E0A50B2002B1B23 /* AICharacterController.swift in Sources */,
				AEC1585B2E0A50B2002B1B23 /* HomeViewController.swift in Sources */,
				AEC1585C2E0A50B2002B1B23 /* ReportAIController.swift in Sources */,
				AEC1585D2E0A50B2002B1B23 /* MenuTableViewCell.swift in Sources */,
				AEC1585E2E0A50B2002B1B23 /* AboutAppViewController.swift in Sources */,
				AEC1585F2E0A50B2002B1B23 /* AboutUsViewController.swift in Sources */,
				AEC158602E0A50B2002B1B23 /* BackgroundMusicController.swift in Sources */,
				AEC158612E0A50B2002B1B23 /* BackgroundMusicManager.swift in Sources */,
				AEC158622E0A50B2002B1B23 /* EditProfileViewController.swift in Sources */,
				AEC158632E0A50B2002B1B23 /* MusicFloatingButton.swift in Sources */,
				AEC158642E0A50B2002B1B23 /* ProfileViewController.swift in Sources */,
				AEC158652E0A50B2002B1B23 /* UserProfileManager.swift in Sources */,
				AEC158662E0A50B2002B1B23 /* AIMessageCell.swift in Sources */,
				AEC158672E0A50B2002B1B23 /* AICharacterInfoModel.swift in Sources */,
				AEC158682E0A50B2002B1B23 /* ChatMessageRealm.swift in Sources */,
				AEC158692E0A50B2002B1B23 /* MessageCallVideoController.swift in Sources */,
				AEC1586A2E0A50B2002B1B23 /* MessageChatController.swift in Sources */,
				AEC1586B2E0A50B2002B1B23 /* MessageViewController.swift in Sources */,
				AEC1586C2E0A50B2002B1B23 /* ZhipuAIService.swift in Sources */,
				AEC1586D2E0A50B2002B1B23 /* CustomTabBar.swift in Sources */,
				AEC1586E2E0A50B2002B1B23 /* MainTabBarController.swift in Sources */,
				AEC1586F2E0A50B2002B1B23 /* TermsViewController.swift in Sources */,
				AEC158702E0A50B2002B1B23 /* WebViewController.swift in Sources */,
				AEC158712E0A50B2002B1B23 /* RunUserManager.swift in Sources */,
				AEC158722E0A50B2002B1B23 /* ImportPods.swift in Sources */,
				AEC158732E0A50B2002B1B23 /* AppDelegate.swift in Sources */,
				AEC158742E0A50B2002B1B23 /* GeneratedPluginRegistrant.m in Sources */,
			);
			runOnlyForDeploymentPostprocessing = 0;
		};
/* End PBXSourcesBuildPhase section */

/* Begin PBXVariantGroup section */
		AEC1584A2E0A50B2002B1B23 /* LaunchScreen.storyboard */ = {
			isa = PBXVariantGroup;
			children = (
				AEC158492E0A50B2002B1B23 /* Base */,
			);
			name = LaunchScreen.storyboard;
			sourceTree = "<group>";
		};
		AEC1584C2E0A50B2002B1B23 /* Main.storyboard */ = {
			isa = PBXVariantGroup;
			children = (
				AEC1584B2E0A50B2002B1B23 /* Base */,
			);
			name = Main.storyboard;
			sourceTree = "<group>";
		};
/* End PBXVariantGroup section */

/* Begin XCBuildConfiguration section */
		249021D3217E4FDB00AE95B9 /* Profile */ = {
			isa = XCBuildConfiguration;
			buildSettings = {
				ALWAYS_SEARCH_USER_PATHS = NO;
				CLANG_ANALYZER_NONNULL = YES;
				CLANG_CXX_LANGUAGE_STANDARD = "gnu++0x";
				CLANG_CXX_LIBRARY = "libc++";
				CLANG_ENABLE_MODULES = YES;
				CLANG_ENABLE_OBJC_ARC = YES;
				CLANG_WARN_BLOCK_CAPTURE_AUTORELEASING = YES;
				CLANG_WARN_BOOL_CONVERSION = YES;
				CLANG_WARN_COMMA = YES;
				CLANG_WARN_CONSTANT_CONVERSION = YES;
				CLANG_WARN_DEPRECATED_OBJC_IMPLEMENTATIONS = YES;
				CLANG_WARN_DIRECT_OBJC_ISA_USAGE = YES_ERROR;
				CLANG_WARN_EMPTY_BODY = YES;
				CLANG_WARN_ENUM_CONVERSION = YES;
				CLANG_WARN_INFINITE_RECURSION = YES;
				CLANG_WARN_INT_CONVERSION = YES;
				CLANG_WARN_NON_LITERAL_NULL_CONVERSION = YES;
				CLANG_WARN_OBJC_IMPLICIT_RETAIN_SELF = YES;
				CLANG_WARN_OBJC_LITERAL_CONVERSION = YES;
				CLANG_WARN_OBJC_ROOT_CLASS = YES_ERROR;
				CLANG_WARN_RANGE_LOOP_ANALYSIS = YES;
				CLANG_WARN_STRICT_PROTOTYPES = YES;
				CLANG_WARN_SUSPICIOUS_MOVE = YES;
				CLANG_WARN_UNREACHABLE_CODE = YES;
				CLANG_WARN__DUPLICATE_METHOD_MATCH = YES;
				"CODE_SIGN_IDENTITY[sdk=iphoneos*]" = "iPhone Developer";
				COPY_PHASE_STRIP = NO;
				DEBUG_INFORMATION_FORMAT = "dwarf-with-dsym";
				ENABLE_NS_ASSERTIONS = NO;
				ENABLE_STRICT_OBJC_MSGSEND = YES;
				GCC_C_LANGUAGE_STANDARD = gnu99;
				GCC_NO_COMMON_BLOCKS = YES;
				GCC_WARN_64_TO_32_BIT_CONVERSION = YES;
				GCC_WARN_ABOUT_RETURN_TYPE = YES_ERROR;
				GCC_WARN_UNDECLARED_SELECTOR = YES;
				GCC_WARN_UNINITIALIZED_AUTOS = YES_AGGRESSIVE;
				GCC_WARN_UNUSED_FUNCTION = YES;
				GCC_WARN_UNUSED_VARIABLE = YES;
				IPHONEOS_DEPLOYMENT_TARGET = 11.0;
				MTL_ENABLE_DEBUG_INFO = NO;
				SDKROOT = iphoneos;
				SUPPORTED_PLATFORMS = iphoneos;
				TARGETED_DEVICE_FAMILY = "1,2";
				VALIDATE_PRODUCT = YES;
			};
			name = Profile;
		};
		249021D4217E4FDB00AE95B9 /* Profile */ = {
			isa = XCBuildConfiguration;
			baseConfigurationReference = 7AFA3C8E1D35360C0083082E /* Release.xcconfig */;
			buildSettings = {
				ASSETCATALOG_COMPILER_APPICON_NAME = AppIcon;
				CLANG_ENABLE_MODULES = YES;
				CODE_SIGN_STYLE = Manual;
				CURRENT_PROJECT_VERSION = 4;
				DEVELOPMENT_TEAM = "";
				"DEVELOPMENT_TEAM[sdk=iphoneos*]" = YY9VHMCUK4;
				ENABLE_BITCODE = NO;
				FLUTTER_APPLICATION_PATH = /Users/runner/work/tiantanew/tiantanew;
				FLUTTER_ROOT = "/Users/runner/hostedtoolcache/flutter/stable-3.24.4-arm64";
				INFOPLIST_FILE = Runner/Info.plist;
				IPHONEOS_DEPLOYMENT_TARGET = 13.0;
				LD_RUNPATH_SEARCH_PATHS = (
					"$(inherited)",
					"@executable_path/Frameworks",
				);
				MARKETING_VERSION = 1.0.0;
				PRODUCT_BUNDLE_IDENTIFIER = com.huanban.chatsapp;
				PRODUCT_NAME = "$(TARGET_NAME)";
				PROVISIONING_PROFILE_SPECIFIER = tian_dis;
				"PROVISIONING_PROFILE_SPECIFIER[sdk=iphoneos*]" = tian_dis;
				SUPPORTED_PLATFORMS = "iphoneos iphonesimulator";
				SUPPORTS_MACCATALYST = NO;
				SUPPORTS_MAC_DESIGNED_FOR_IPHONE_IPAD = NO;
				SUPPORTS_XR_DESIGNED_FOR_IPHONE_IPAD = NO;
				SWIFT_OBJC_BRIDGING_HEADER = "Runner/Runner-Bridging-Header.h";
				SWIFT_VERSION = 6.0;
				TARGETED_DEVICE_FAMILY = 1;
				VERSIONING_SYSTEM = "apple-generic";
			};
			name = Profile;
		};
		97C147031CF9000F007C117D /* Debug */ = {
			isa = XCBuildConfiguration;
			buildSettings = {
				ALWAYS_SEARCH_USER_PATHS = NO;
				CLANG_ANALYZER_NONNULL = YES;
				CLANG_CXX_LANGUAGE_STANDARD = "gnu++0x";
				CLANG_CXX_LIBRARY = "libc++";
				CLANG_ENABLE_MODULES = YES;
				CLANG_ENABLE_OBJC_ARC = YES;
				CLANG_WARN_BLOCK_CAPTURE_AUTORELEASING = YES;
				CLANG_WARN_BOOL_CONVERSION = YES;
				CLANG_WARN_COMMA = YES;
				CLANG_WARN_CONSTANT_CONVERSION = YES;
				CLANG_WARN_DEPRECATED_OBJC_IMPLEMENTATIONS = YES;
				CLANG_WARN_DIRECT_OBJC_ISA_USAGE = YES_ERROR;
				CLANG_WARN_EMPTY_BODY = YES;
				CLANG_WARN_ENUM_CONVERSION = YES;
				CLANG_WARN_INFINITE_RECURSION = YES;
				CLANG_WARN_INT_CONVERSION = YES;
				CLANG_WARN_NON_LITERAL_NULL_CONVERSION = YES;
				CLANG_WARN_OBJC_IMPLICIT_RETAIN_SELF = YES;
				CLANG_WARN_OBJC_LITERAL_CONVERSION = YES;
				CLANG_WARN_OBJC_ROOT_CLASS = YES_ERROR;
				CLANG_WARN_RANGE_LOOP_ANALYSIS = YES;
				CLANG_WARN_STRICT_PROTOTYPES = YES;
				CLANG_WARN_SUSPICIOUS_MOVE = YES;
				CLANG_WARN_UNREACHABLE_CODE = YES;
				CLANG_WARN__DUPLICATE_METHOD_MATCH = YES;
				"CODE_SIGN_IDENTITY[sdk=iphoneos*]" = "iPhone Developer";
				COPY_PHASE_STRIP = NO;
				DEBUG_INFORMATION_FORMAT = dwarf;
				ENABLE_STRICT_OBJC_MSGSEND = YES;
				ENABLE_TESTABILITY = YES;
				GCC_C_LANGUAGE_STANDARD = gnu99;
				GCC_DYNAMIC_NO_PIC = NO;
				GCC_NO_COMMON_BLOCKS = YES;
				GCC_OPTIMIZATION_LEVEL = 0;
				GCC_PREPROCESSOR_DEFINITIONS = (
					"DEBUG=1",
					"$(inherited)",
				);
				GCC_WARN_64_TO_32_BIT_CONVERSION = YES;
				GCC_WARN_ABOUT_RETURN_TYPE = YES_ERROR;
				GCC_WARN_UNDECLARED_SELECTOR = YES;
				GCC_WARN_UNINITIALIZED_AUTOS = YES_AGGRESSIVE;
				GCC_WARN_UNUSED_FUNCTION = YES;
				GCC_WARN_UNUSED_VARIABLE = YES;
				IPHONEOS_DEPLOYMENT_TARGET = 11.0;
				MTL_ENABLE_DEBUG_INFO = YES;
				ONLY_ACTIVE_ARCH = YES;
				SDKROOT = iphoneos;
				TARGETED_DEVICE_FAMILY = "1,2";
			};
			name = Debug;
		};
		97C147041CF9000F007C117D /* Release */ = {
			isa = XCBuildConfiguration;
			buildSettings = {
				ALWAYS_SEARCH_USER_PATHS = NO;
				CLANG_ANALYZER_NONNULL = YES;
				CLANG_CXX_LANGUAGE_STANDARD = "gnu++0x";
				CLANG_CXX_LIBRARY = "libc++";
				CLANG_ENABLE_MODULES = YES;
				CLANG_ENABLE_OBJC_ARC = YES;
				CLANG_WARN_BLOCK_CAPTURE_AUTORELEASING = YES;
				CLANG_WARN_BOOL_CONVERSION = YES;
				CLANG_WARN_COMMA = YES;
				CLANG_WARN_CONSTANT_CONVERSION = YES;
				CLANG_WARN_DEPRECATED_OBJC_IMPLEMENTATIONS = YES;
				CLANG_WARN_DIRECT_OBJC_ISA_USAGE = YES_ERROR;
				CLANG_WARN_EMPTY_BODY = YES;
				CLANG_WARN_ENUM_CONVERSION = YES;
				CLANG_WARN_INFINITE_RECURSION = YES;
				CLANG_WARN_INT_CONVERSION = YES;
				CLANG_WARN_NON_LITERAL_NULL_CONVERSION = YES;
				CLANG_WARN_OBJC_IMPLICIT_RETAIN_SELF = YES;
				CLANG_WARN_OBJC_LITERAL_CONVERSION = YES;
				CLANG_WARN_OBJC_ROOT_CLASS = YES_ERROR;
				CLANG_WARN_RANGE_LOOP_ANALYSIS = YES;
				CLANG_WARN_STRICT_PROTOTYPES = YES;
				CLANG_WARN_SUSPICIOUS_MOVE = YES;
				CLANG_WARN_UNREACHABLE_CODE = YES;
				CLANG_WARN__DUPLICATE_METHOD_MATCH = YES;
				"CODE_SIGN_IDENTITY[sdk=iphoneos*]" = "iPhone Developer";
				COPY_PHASE_STRIP = NO;
				DEBUG_INFORMATION_FORMAT = "dwarf-with-dsym";
				ENABLE_NS_ASSERTIONS = NO;
				ENABLE_STRICT_OBJC_MSGSEND = YES;
				GCC_C_LANGUAGE_STANDARD = gnu99;
				GCC_NO_COMMON_BLOCKS = YES;
				GCC_WARN_64_TO_32_BIT_CONVERSION = YES;
				GCC_WARN_ABOUT_RETURN_TYPE = YES_ERROR;
				GCC_WARN_UNDECLARED_SELECTOR = YES;
				GCC_WARN_UNINITIALIZED_AUTOS = YES_AGGRESSIVE;
				GCC_WARN_UNUSED_FUNCTION = YES;
				GCC_WARN_UNUSED_VARIABLE = YES;
				IPHONEOS_DEPLOYMENT_TARGET = 11.0;
				MTL_ENABLE_DEBUG_INFO = NO;
				SDKROOT = iphoneos;
				SUPPORTED_PLATFORMS = iphoneos;
				SWIFT_COMPILATION_MODE = wholemodule;
				SWIFT_OPTIMIZATION_LEVEL = "-O";
				TARGETED_DEVICE_FAMILY = "1,2";
				VALIDATE_PRODUCT = YES;
			};
			name = Release;
		};
		97C147061CF9000F007C117D /* Debug */ = {
			isa = XCBuildConfiguration;
			baseConfigurationReference = 9740EEB21CF90195004384FC /* Debug.xcconfig */;
			buildSettings = {
				ASSETCATALOG_COMPILER_APPICON_NAME = AppIcon;
				CLANG_ENABLE_MODULES = YES;
				CODE_SIGN_STYLE = Manual;
				CURRENT_PROJECT_VERSION = 4;
				DEVELOPMENT_TEAM = "";
				"DEVELOPMENT_TEAM[sdk=iphoneos*]" = YY9VHMCUK4;
				ENABLE_BITCODE = NO;
				FLUTTER_APPLICATION_PATH = /Users/runner/work/tiantanew/tiantanew;
				FLUTTER_ROOT = "/Users/runner/hostedtoolcache/flutter/stable-3.24.4-arm64";
				INFOPLIST_FILE = Runner/Info.plist;
				IPHONEOS_DEPLOYMENT_TARGET = 13.0;
				LD_RUNPATH_SEARCH_PATHS = (
					"$(inherited)",
					"@executable_path/Frameworks",
				);
				MARKETING_VERSION = 1.0.0;
				PRODUCT_BUNDLE_IDENTIFIER = com.huanban.chatsapp;
				PRODUCT_NAME = "$(TARGET_NAME)";
				PROVISIONING_PROFILE_SPECIFIER = "";
				"PROVISIONING_PROFILE_SPECIFIER[sdk=iphoneos*]" = tian_dis;
				SUPPORTED_PLATFORMS = "iphoneos iphonesimulator";
				SUPPORTS_MACCATALYST = NO;
				SUPPORTS_MAC_DESIGNED_FOR_IPHONE_IPAD = NO;
				SUPPORTS_XR_DESIGNED_FOR_IPHONE_IPAD = NO;
				SWIFT_OBJC_BRIDGING_HEADER = "Runner/Runner-Bridging-Header.h";
				SWIFT_OPTIMIZATION_LEVEL = "-Onone";
				SWIFT_VERSION = 6.0;
				TARGETED_DEVICE_FAMILY = 1;
				VERSIONING_SYSTEM = "apple-generic";
			};
			name = Debug;
		};
		97C147071CF9000F007C117D /* Release */ = {
			isa = XCBuildConfiguration;
			baseConfigurationReference = 7AFA3C8E1D35360C0083082E /* Release.xcconfig */;
			buildSettings = {
				ASSETCATALOG_COMPILER_APPICON_NAME = AppIcon;
				CLANG_ENABLE_MODULES = YES;
				"CODE_SIGN_IDENTITY[sdk=iphoneos*]" = "iPhone Distribution";
				CODE_SIGN_STYLE = Manual;
				CURRENT_PROJECT_VERSION = 4;
				DEVELOPMENT_TEAM = "";
				"DEVELOPMENT_TEAM[sdk=iphoneos*]" = YY9VHMCUK4;
				ENABLE_BITCODE = NO;
				FLUTTER_APPLICATION_PATH = /Users/runner/work/tiantanew/tiantanew;
				FLUTTER_ROOT = "/Users/runner/hostedtoolcache/flutter/stable-3.24.4-arm64";
				INFOPLIST_FILE = Runner/Info.plist;
				IPHONEOS_DEPLOYMENT_TARGET = 13.0;
				LD_RUNPATH_SEARCH_PATHS = (
					"$(inherited)",
					"@executable_path/Frameworks",
				);
				MARKETING_VERSION = 1.0.0;
				PRODUCT_BUNDLE_IDENTIFIER = com.huanban.chatsapp;
				PRODUCT_NAME = "$(TARGET_NAME)";
				PROVISIONING_PROFILE_SPECIFIER = tian_dis;
				"PROVISIONING_PROFILE_SPECIFIER[sdk=iphoneos*]" = tian_dis;
				SUPPORTED_PLATFORMS = "iphoneos iphonesimulator";
				SUPPORTS_MACCATALYST = NO;
				SUPPORTS_MAC_DESIGNED_FOR_IPHONE_IPAD = NO;
				SUPPORTS_XR_DESIGNED_FOR_IPHONE_IPAD = NO;
				SWIFT_OBJC_BRIDGING_HEADER = "Runner/Runner-Bridging-Header.h";
				SWIFT_VERSION = 6.0;
				TARGETED_DEVICE_FAMILY = 1;
				VERSIONING_SYSTEM = "apple-generic";
			};
			name = Release;
		};
/* End XCBuildConfiguration section */

/* Begin XCConfigurationList section */
		97C146E91CF9000F007C117D /* Build configuration list for PBXProject "Runner" */ = {
			isa = XCConfigurationList;
			buildConfigurations = (
				97C147031CF9000F007C117D /* Debug */,
				97C147041CF9000F007C117D /* Release */,
				249021D3217E4FDB00AE95B9 /* Profile */,
			);
			defaultConfigurationIsVisible = 0;
			defaultConfigurationName = Release;
		};
		97C147051CF9000F007C117D /* Build configuration list for PBXNativeTarget "Runner" */ = {
			isa = XCConfigurationList;
			buildConfigurations = (
				97C147061CF9000F007C117D /* Debug */,
				97C147071CF9000F007C117D /* Release */,
				249021D4217E4FDB00AE95B9 /* Profile */,
			);
			defaultConfigurationIsVisible = 0;
			defaultConfigurationName = Release;
		};
/* End XCConfigurationList section */
	};
	rootObject = 97C146E61CF9000F007C117D /* Project object */;
}
