// !$*UTF8*$!
{
	archiveVersion = 1;
	classes = {
	};
	objectVersion = 55;
	objects = {

/* Begin PBXBuildFile section */
		3B3967161E833CAA004F5970 /* AppFrameworkInfo.plist in Resources */ = {isa = PBXBuildFile; fileRef = 3B3967151E833CAA004F5970 /* AppFrameworkInfo.plist */; };
		A4BAAB4F06A7611B59C06738 /* Pods_Runner.framework in Frameworks */ = {isa = PBXBuildFile; fileRef = 2DD1C241684AF40339082412 /* Pods_Runner.framework */; };
		AEC11C492E0D2D65002B1B23 /* HXPickerConfig.swift in Sources */ = {isa = PBXBuildFile; fileRef = AEC11C482E0D2D65002B1B23 /* HXPickerConfig.swift */; };
		AEC159A52E0BCAEC002B1B23 /* StoreKit.framework in Frameworks */ = {isa = PBXBuildFile; fileRef = AEC159A42E0BCAEC002B1B23 /* StoreKit.framework */; };
		AEC15AFF2E0BDCAC002B1B23 /* BaseController.swift in Sources */ = {isa = PBXBuildFile; fileRef = AEC15AB22E0BDCAC002B1B23 /* BaseController.swift */; };
		AEC15B002E0BDCAC002B1B23 /* BaseNavigationController.swift in Sources */ = {isa = PBXBuildFile; fileRef = AEC15AB32E0BDCAC002B1B23 /* BaseNavigationController.swift */; };
		AEC15B012E0BDCAC002B1B23 /* UIColor+HEX.swift in Sources */ = {isa = PBXBuildFile; fileRef = AEC15AB52E0BDCAC002B1B23 /* UIColor+HEX.swift */; };
		AEC15B022E0BDCAC002B1B23 /* UIDevice+Spaceing.swift in Sources */ = {isa = PBXBuildFile; fileRef = AEC15AB62E0BDCAC002B1B23 /* UIDevice+Spaceing.swift */; };
		AEC15B032E0BDCAC002B1B23 /* UIView+Frame.swift in Sources */ = {isa = PBXBuildFile; fileRef = AEC15AB72E0BDCAC002B1B23 /* UIView+Frame.swift */; };
		AEC15B042E0BDCAC002B1B23 /* ExploreCollectionViewCell.swift in Sources */ = {isa = PBXBuildFile; fileRef = AEC15AB92E0BDCAC002B1B23 /* ExploreCollectionViewCell.swift */; };
		AEC15B052E0BDCAC002B1B23 /* ExploreViewController.swift in Sources */ = {isa = PBXBuildFile; fileRef = AEC15ABB2E0BDCAC002B1B23 /* ExploreViewController.swift */; };
		AEC15B062E0BDCAC002B1B23 /* AIAboutCell.swift in Sources */ = {isa = PBXBuildFile; fileRef = AEC15ABD2E0BDCAC002B1B23 /* AIAboutCell.swift */; };
		AEC15B072E0BDCAC002B1B23 /* AIPhotoCell.swift in Sources */ = {isa = PBXBuildFile; fileRef = AEC15ABE2E0BDCAC002B1B23 /* AIPhotoCell.swift */; };
		AEC15B082E0BDCAC002B1B23 /* AIProfileCell.swift in Sources */ = {isa = PBXBuildFile; fileRef = AEC15ABF2E0BDCAC002B1B23 /* AIProfileCell.swift */; };
		AEC15B092E0BDCAC002B1B23 /* HomeAICharacterCell.swift in Sources */ = {isa = PBXBuildFile; fileRef = AEC15AC02E0BDCAC002B1B23 /* HomeAICharacterCell.swift */; };
		AEC15B0A2E0BDCAC002B1B23 /* AICharacterController.swift in Sources */ = {isa = PBXBuildFile; fileRef = AEC15AC22E0BDCAC002B1B23 /* AICharacterController.swift */; };
		AEC15B0B2E0BDCAC002B1B23 /* HomeViewController.swift in Sources */ = {isa = PBXBuildFile; fileRef = AEC15AC32E0BDCAC002B1B23 /* HomeViewController.swift */; };
		AEC15B0C2E0BDCAC002B1B23 /* ReportAIController.swift in Sources */ = {isa = PBXBuildFile; fileRef = AEC15AC42E0BDCAC002B1B23 /* ReportAIController.swift */; };
		AEC15B0D2E0BDCAC002B1B23 /* MenuTableViewCell.swift in Sources */ = {isa = PBXBuildFile; fileRef = AEC15AC62E0BDCAC002B1B23 /* MenuTableViewCell.swift */; };
		AEC15B0E2E0BDCAC002B1B23 /* AboutAppViewController.swift in Sources */ = {isa = PBXBuildFile; fileRef = AEC15AC82E0BDCAC002B1B23 /* AboutAppViewController.swift */; };
		AEC15B0F2E0BDCAC002B1B23 /* AboutUsViewController.swift in Sources */ = {isa = PBXBuildFile; fileRef = AEC15AC92E0BDCAC002B1B23 /* AboutUsViewController.swift */; };
		AEC15B102E0BDCAC002B1B23 /* BackgroundMusicController.swift in Sources */ = {isa = PBXBuildFile; fileRef = AEC15ACA2E0BDCAC002B1B23 /* BackgroundMusicController.swift */; };
		AEC15B112E0BDCAC002B1B23 /* BackgroundMusicManager.swift in Sources */ = {isa = PBXBuildFile; fileRef = AEC15ACB2E0BDCAC002B1B23 /* BackgroundMusicManager.swift */; };
		AEC15B122E0BDCAC002B1B23 /* EditProfileViewController.swift in Sources */ = {isa = PBXBuildFile; fileRef = AEC15ACC2E0BDCAC002B1B23 /* EditProfileViewController.swift */; };
		AEC15B132E0BDCAC002B1B23 /* MemberController.swift in Sources */ = {isa = PBXBuildFile; fileRef = AEC15ACD2E0BDCAC002B1B23 /* MemberController.swift */; };
		AEC15B142E0BDCAC002B1B23 /* MusicFloatingButton.swift in Sources */ = {isa = PBXBuildFile; fileRef = AEC15ACE2E0BDCAC002B1B23 /* MusicFloatingButton.swift */; };
		AEC15B152E0BDCAC002B1B23 /* ProfileViewController.swift in Sources */ = {isa = PBXBuildFile; fileRef = AEC15ACF2E0BDCAC002B1B23 /* ProfileViewController.swift */; };
		AEC15B162E0BDCAC002B1B23 /* UserProfileManager.swift in Sources */ = {isa = PBXBuildFile; fileRef = AEC15AD02E0BDCAC002B1B23 /* UserProfileManager.swift */; };
		AEC15B172E0BDCAC002B1B23 /* AIMessageCell.swift in Sources */ = {isa = PBXBuildFile; fileRef = AEC15AD22E0BDCAC002B1B23 /* AIMessageCell.swift */; };
		AEC15B182E0BDCAC002B1B23 /* AICharacterInfoModel.swift in Sources */ = {isa = PBXBuildFile; fileRef = AEC15AD42E0BDCAC002B1B23 /* AICharacterInfoModel.swift */; };
		AEC15B192E0BDCAC002B1B23 /* ChatMessageRealm.swift in Sources */ = {isa = PBXBuildFile; fileRef = AEC15AD52E0BDCAC002B1B23 /* ChatMessageRealm.swift */; };
		AEC15B1A2E0BDCAC002B1B23 /* MessageCallVideoController.swift in Sources */ = {isa = PBXBuildFile; fileRef = AEC15AD62E0BDCAC002B1B23 /* MessageCallVideoController.swift */; };
		AEC15B1B2E0BDCAC002B1B23 /* MessageChatController.swift in Sources */ = {isa = PBXBuildFile; fileRef = AEC15AD72E0BDCAC002B1B23 /* MessageChatController.swift */; };
		AEC15B1C2E0BDCAC002B1B23 /* MessageViewController.swift in Sources */ = {isa = PBXBuildFile; fileRef = AEC15AD82E0BDCAC002B1B23 /* MessageViewController.swift */; };
		AEC15B1D2E0BDCAC002B1B23 /* ZhipuAIService.swift in Sources */ = {isa = PBXBuildFile; fileRef = AEC15AD92E0BDCAC002B1B23 /* ZhipuAIService.swift */; };
		AEC15B1E2E0BDCAC002B1B23 /* CustomTabBar.swift in Sources */ = {isa = PBXBuildFile; fileRef = AEC15ADB2E0BDCAC002B1B23 /* CustomTabBar.swift */; };
		AEC15B1F2E0BDCAC002B1B23 /* MainTabBarController.swift in Sources */ = {isa = PBXBuildFile; fileRef = AEC15ADC2E0BDCAC002B1B23 /* MainTabBarController.swift */; };
		AEC15B202E0BDCAC002B1B23 /* TermsViewController.swift in Sources */ = {isa = PBXBuildFile; fileRef = AEC15ADD2E0BDCAC002B1B23 /* TermsViewController.swift */; };
		AEC15B212E0BDCAC002B1B23 /* WebViewController.swift in Sources */ = {isa = PBXBuildFile; fileRef = AEC15ADE2E0BDCAC002B1B23 /* WebViewController.swift */; };
		AEC15B222E0BDCAC002B1B23 /* IAPManager.swift in Sources */ = {isa = PBXBuildFile; fileRef = AEC15AE12E0BDCAC002B1B23 /* IAPManager.swift */; };
		AEC15B232E0BDCAC002B1B23 /* RunUserManager.swift in Sources */ = {isa = PBXBuildFile; fileRef = AEC15AE22E0BDCAC002B1B23 /* RunUserManager.swift */; };
		AEC15B242E0BDCAC002B1B23 /* UserVipManager.swift in Sources */ = {isa = PBXBuildFile; fileRef = AEC15AE32E0BDCAC002B1B23 /* UserVipManager.swift */; };
		AEC15B252E0BDCAC002B1B23 /* ImportPods.swift in Sources */ = {isa = PBXBuildFile; fileRef = AEC15AE82E0BDCAC002B1B23 /* ImportPods.swift */; };
		AEC15B262E0BDCAC002B1B23 /* AppDelegate.swift in Sources */ = {isa = PBXBuildFile; fileRef = AEC15AF42E0BDCAC002B1B23 /* AppDelegate.swift */; };
		AEC15B272E0BDCAC002B1B23 /* GeneratedPluginRegistrant.m in Sources */ = {isa = PBXBuildFile; fileRef = AEC15AF62E0BDCAC002B1B23 /* GeneratedPluginRegistrant.m */; };
		AEC15B282E0BDCAC002B1B23 /* aiList.geojson in Resources */ = {isa = PBXBuildFile; fileRef = AEC15AE52E0BDCAC002B1B23 /* aiList.geojson */; };
		AEC15B292E0BDCAC002B1B23 /* Assets.xcassets in Resources */ = {isa = PBXBuildFile; fileRef = AEC15AE62E0BDCAC002B1B23 /* Assets.xcassets */; };
		AEC15B2A2E0BDCAC002B1B23 /* Freestyle.mp3 in Resources */ = {isa = PBXBuildFile; fileRef = AEC15AE72E0BDCAC002B1B23 /* Freestyle.mp3 */; };
		AEC15B2B2E0BDCAC002B1B23 /* Paradise_faraway.mp3 in Resources */ = {isa = PBXBuildFile; fileRef = AEC15AE92E0BDCAC002B1B23 /* Paradise_faraway.mp3 */; };
		AEC15B2C2E0BDCAC002B1B23 /* PrivacyInfo.xcprivacy in Resources */ = {isa = PBXBuildFile; fileRef = AEC15AEA2E0BDCAC002B1B23 /* PrivacyInfo.xcprivacy */; };
		AEC15B2D2E0BDCAC002B1B23 /* Pulse.mp3 in Resources */ = {isa = PBXBuildFile; fileRef = AEC15AEB2E0BDCAC002B1B23 /* Pulse.mp3 */; };
		AEC15B2E2E0BDCAC002B1B23 /* Radiant_Pulse.mp3 in Resources */ = {isa = PBXBuildFile; fileRef = AEC15AEC2E0BDCAC002B1B23 /* Radiant_Pulse.mp3 */; };
		AEC15B2F2E0BDCAC002B1B23 /* RiverofHope.mp3 in Resources */ = {isa = PBXBuildFile; fileRef = AEC15AED2E0BDCAC002B1B23 /* RiverofHope.mp3 */; };
		AEC15B302E0BDCAC002B1B23 /* Silence.mp3 in Resources */ = {isa = PBXBuildFile; fileRef = AEC15AEE2E0BDCAC002B1B23 /* Silence.mp3 */; };
		AEC15B312E0BDCAC002B1B23 /* Stay_Close_Me.mp3 in Resources */ = {isa = PBXBuildFile; fileRef = AEC15AEF2E0BDCAC002B1B23 /* Stay_Close_Me.mp3 */; };
		AEC15B322E0BDCAC002B1B23 /* Suprenova.mp3 in Resources */ = {isa = PBXBuildFile; fileRef = AEC15AF02E0BDCAC002B1B23 /* Suprenova.mp3 */; };
		AEC15B332E0BDCAC002B1B23 /* ThroughDustWithGrace.mp3 in Resources */ = {isa = PBXBuildFile; fileRef = AEC15AF12E0BDCAC002B1B23 /* ThroughDustWithGrace.mp3 */; };
		AEC15B342E0BDCAC002B1B23 /* Triggered.mp3 in Resources */ = {isa = PBXBuildFile; fileRef = AEC15AF22E0BDCAC002B1B23 /* Triggered.mp3 */; };
		AEC15B362E0BDCAC002B1B23 /* LaunchScreen.storyboard in Resources */ = {isa = PBXBuildFile; fileRef = AEC15AF92E0BDCAC002B1B23 /* LaunchScreen.storyboard */; };
		AEC15B372E0BDCAC002B1B23 /* Main.storyboard in Resources */ = {isa = PBXBuildFile; fileRef = AEC15AFB2E0BDCAC002B1B23 /* Main.storyboard */; };
/* End PBXBuildFile section */

/* Begin PBXCopyFilesBuildPhase section */
		9705A1C41CF9048500538489 /* Embed Frameworks */ = {
			isa = PBXCopyFilesBuildPhase;
			buildActionMask = 2147483647;
			dstPath = "";
			dstSubfolderSpec = 10;
			files = (
			);
			name = "Embed Frameworks";
			runOnlyForDeploymentPostprocessing = 0;
		};
/* End PBXCopyFilesBuildPhase section */

/* Begin PBXFileReference section */
		2DD1C241684AF40339082412 /* Pods_Runner.framework */ = {isa = PBXFileReference; explicitFileType = wrapper.framework; includeInIndex = 0; path = Pods_Runner.framework; sourceTree = BUILT_PRODUCTS_DIR; };
		3B3967151E833CAA004F5970 /* AppFrameworkInfo.plist */ = {isa = PBXFileReference; fileEncoding = 4; lastKnownFileType = text.plist.xml; name = AppFrameworkInfo.plist; path = Flutter/AppFrameworkInfo.plist; sourceTree = "<group>"; };
		53A61C4CAC9F2F9A54D3210B /* Pods-Runner.profile.xcconfig */ = {isa = PBXFileReference; includeInIndex = 1; lastKnownFileType = text.xcconfig; name = "Pods-Runner.profile.xcconfig"; path = "Target Support Files/Pods-Runner/Pods-Runner.profile.xcconfig"; sourceTree = "<group>"; };
		5AB7FC6E0FA1131FDFB1B9DE /* Pods-Runner.debug.xcconfig */ = {isa = PBXFileReference; includeInIndex = 1; lastKnownFileType = text.xcconfig; name = "Pods-Runner.debug.xcconfig"; path = "Target Support Files/Pods-Runner/Pods-Runner.debug.xcconfig"; sourceTree = "<group>"; };
		7AFA3C8E1D35360C0083082E /* Release.xcconfig */ = {isa = PBXFileReference; lastKnownFileType = text.xcconfig; name = Release.xcconfig; path = Flutter/Release.xcconfig; sourceTree = "<group>"; };
		9740EEB21CF90195004384FC /* Debug.xcconfig */ = {isa = PBXFileReference; fileEncoding = 4; lastKnownFileType = text.xcconfig; name = Debug.xcconfig; path = Flutter/Debug.xcconfig; sourceTree = "<group>"; };
		9740EEB31CF90195004384FC /* Generated.xcconfig */ = {isa = PBXFileReference; fileEncoding = 4; lastKnownFileType = text.xcconfig; name = Generated.xcconfig; path = Flutter/Generated.xcconfig; sourceTree = "<group>"; };
		97C146EE1CF9000F007C117D /* Runner.app */ = {isa = PBXFileReference; explicitFileType = wrapper.application; includeInIndex = 0; path = Runner.app; sourceTree = BUILT_PRODUCTS_DIR; };
		9FE4F29F41C6778CBC85ED5E /* Pods-Runner.release.xcconfig */ = {isa = PBXFileReference; includeInIndex = 1; lastKnownFileType = text.xcconfig; name = "Pods-Runner.release.xcconfig"; path = "Target Support Files/Pods-Runner/Pods-Runner.release.xcconfig"; sourceTree = "<group>"; };
		AEC11C482E0D2D65002B1B23 /* HXPickerConfig.swift */ = {isa = PBXFileReference; lastKnownFileType = sourcecode.swift; path = HXPickerConfig.swift; sourceTree = "<group>"; };
		AEC159A42E0BCAEC002B1B23 /* StoreKit.framework */ = {isa = PBXFileReference; lastKnownFileType = wrapper.framework; name = StoreKit.framework; path = System/Library/Frameworks/StoreKit.framework; sourceTree = SDKROOT; };
		AEC15AB22E0BDCAC002B1B23 /* BaseController.swift */ = {isa = PBXFileReference; lastKnownFileType = sourcecode.swift; path = BaseController.swift; sourceTree = "<group>"; };
		AEC15AB32E0BDCAC002B1B23 /* BaseNavigationController.swift */ = {isa = PBXFileReference; lastKnownFileType = sourcecode.swift; path = BaseNavigationController.swift; sourceTree = "<group>"; };
		AEC15AB52E0BDCAC002B1B23 /* UIColor+HEX.swift */ = {isa = PBXFileReference; lastKnownFileType = sourcecode.swift; path = "UIColor+HEX.swift"; sourceTree = "<group>"; };
		AEC15AB62E0BDCAC002B1B23 /* UIDevice+Spaceing.swift */ = {isa = PBXFileReference; lastKnownFileType = sourcecode.swift; path = "UIDevice+Spaceing.swift"; sourceTree = "<group>"; };
		AEC15AB72E0BDCAC002B1B23 /* UIView+Frame.swift */ = {isa = PBXFileReference; lastKnownFileType = sourcecode.swift; path = "UIView+Frame.swift"; sourceTree = "<group>"; };
		AEC15AB92E0BDCAC002B1B23 /* ExploreCollectionViewCell.swift */ = {isa = PBXFileReference; lastKnownFileType = sourcecode.swift; path = ExploreCollectionViewCell.swift; sourceTree = "<group>"; };
		AEC15ABB2E0BDCAC002B1B23 /* ExploreViewController.swift */ = {isa = PBXFileReference; lastKnownFileType = sourcecode.swift; path = ExploreViewController.swift; sourceTree = "<group>"; };
		AEC15ABD2E0BDCAC002B1B23 /* AIAboutCell.swift */ = {isa = PBXFileReference; lastKnownFileType = sourcecode.swift; path = AIAboutCell.swift; sourceTree = "<group>"; };
		AEC15ABE2E0BDCAC002B1B23 /* AIPhotoCell.swift */ = {isa = PBXFileReference; lastKnownFileType = sourcecode.swift; path = AIPhotoCell.swift; sourceTree = "<group>"; };
		AEC15ABF2E0BDCAC002B1B23 /* AIProfileCell.swift */ = {isa = PBXFileReference; lastKnownFileType = sourcecode.swift; path = AIProfileCell.swift; sourceTree = "<group>"; };
		AEC15AC02E0BDCAC002B1B23 /* HomeAICharacterCell.swift */ = {isa = PBXFileReference; lastKnownFileType = sourcecode.swift; path = HomeAICharacterCell.swift; sourceTree = "<group>"; };
		AEC15AC22E0BDCAC002B1B23 /* AICharacterController.swift */ = {isa = PBXFileReference; lastKnownFileType = sourcecode.swift; path = AICharacterController.swift; sourceTree = "<group>"; };
		AEC15AC32E0BDCAC002B1B23 /* HomeViewController.swift */ = {isa = PBXFileReference; lastKnownFileType = sourcecode.swift; path = HomeViewController.swift; sourceTree = "<group>"; };
		AEC15AC42E0BDCAC002B1B23 /* ReportAIController.swift */ = {isa = PBXFileReference; lastKnownFileType = sourcecode.swift; path = ReportAIController.swift; sourceTree = "<group>"; };
		AEC15AC62E0BDCAC002B1B23 /* MenuTableViewCell.swift */ = {isa = PBXFileReference; lastKnownFileType = sourcecode.swift; path = MenuTableViewCell.swift; sourceTree = "<group>"; };
		AEC15AC82E0BDCAC002B1B23 /* AboutAppViewController.swift */ = {isa = PBXFileReference; lastKnownFileType = sourcecode.swift; path = AboutAppViewController.swift; sourceTree = "<group>"; };
		AEC15AC92E0BDCAC002B1B23 /* AboutUsViewController.swift */ = {isa = PBXFileReference; lastKnownFileType = sourcecode.swift; path = AboutUsViewController.swift; sourceTree = "<group>"; };
		AEC15ACA2E0BDCAC002B1B23 /* BackgroundMusicController.swift */ = {isa = PBXFileReference; lastKnownFileType = sourcecode.swift; path = BackgroundMusicController.swift; sourceTree = "<group>"; };
		AEC15ACB2E0BDCAC002B1B23 /* BackgroundMusicManager.swift */ = {isa = PBXFileReference; lastKnownFileType = sourcecode.swift; path = BackgroundMusicManager.swift; sourceTree = "<group>"; };
		AEC15ACC2E0BDCAC002B1B23 /* EditProfileViewController.swift */ = {isa = PBXFileReference; lastKnownFileType = sourcecode.swift; path = EditProfileViewController.swift; sourceTree = "<group>"; };
		AEC15ACD2E0BDCAC002B1B23 /* MemberController.swift */ = {isa = PBXFileReference; lastKnownFileType = sourcecode.swift; path = MemberController.swift; sourceTree = "<group>"; };
		AEC15ACE2E0BDCAC002B1B23 /* MusicFloatingButton.swift */ = {isa = PBXFileReference; lastKnownFileType = sourcecode.swift; path = MusicFloatingButton.swift; sourceTree = "<group>"; };
		AEC15ACF2E0BDCAC002B1B23 /* ProfileViewController.swift */ = {isa = PBXFileReference; lastKnownFileType = sourcecode.swift; path = ProfileViewController.swift; sourceTree = "<group>"; };
		AEC15AD02E0BDCAC002B1B23 /* UserProfileManager.swift */ = {isa = PBXFileReference; lastKnownFileType = sourcecode.swift; path = UserProfileManager.swift; sourceTree = "<group>"; };
		AEC15AD22E0BDCAC002B1B23 /* AIMessageCell.swift */ = {isa = PBXFileReference; lastKnownFileType = sourcecode.swift; path = AIMessageCell.swift; sourceTree = "<group>"; };
		AEC15AD42E0BDCAC002B1B23 /* AICharacterInfoModel.swift */ = {isa = PBXFileReference; lastKnownFileType = sourcecode.swift; path = AICharacterInfoModel.swift; sourceTree = "<group>"; };
		AEC15AD52E0BDCAC002B1B23 /* ChatMessageRealm.swift */ = {isa = PBXFileReference; lastKnownFileType = sourcecode.swift; path = ChatMessageRealm.swift; sourceTree = "<group>"; };
		AEC15AD62E0BDCAC002B1B23 /* MessageCallVideoController.swift */ = {isa = PBXFileReference; lastKnownFileType = sourcecode.swift; path = MessageCallVideoController.swift; sourceTree = "<group>"; };
		AEC15AD72E0BDCAC002B1B23 /* MessageChatController.swift */ = {isa = PBXFileReference; lastKnownFileType = sourcecode.swift; path = MessageChatController.swift; sourceTree = "<group>"; };
		AEC15AD82E0BDCAC002B1B23 /* MessageViewController.swift */ = {isa = PBXFileReference; lastKnownFileType = sourcecode.swift; path = MessageViewController.swift; sourceTree = "<group>"; };
		AEC15AD92E0BDCAC002B1B23 /* ZhipuAIService.swift */ = {isa = PBXFileReference; lastKnownFileType = sourcecode.swift; path = ZhipuAIService.swift; sourceTree = "<group>"; };
		AEC15ADB2E0BDCAC002B1B23 /* CustomTabBar.swift */ = {isa = PBXFileReference; lastKnownFileType = sourcecode.swift; path = CustomTabBar.swift; sourceTree = "<group>"; };
		AEC15ADC2E0BDCAC002B1B23 /* MainTabBarController.swift */ = {isa = PBXFileReference; lastKnownFileType = sourcecode.swift; path = MainTabBarController.swift; sourceTree = "<group>"; };
		AEC15ADD2E0BDCAC002B1B23 /* TermsViewController.swift */ = {isa = PBXFileReference; lastKnownFileType = sourcecode.swift; path = TermsViewController.swift; sourceTree = "<group>"; };
		AEC15ADE2E0BDCAC002B1B23 /* WebViewController.swift */ = {isa = PBXFileReference; lastKnownFileType = sourcecode.swift; path = WebViewController.swift; sourceTree = "<group>"; };
		AEC15AE12E0BDCAC002B1B23 /* IAPManager.swift */ = {isa = PBXFileReference; lastKnownFileType = sourcecode.swift; path = IAPManager.swift; sourceTree = "<group>"; };
		AEC15AE22E0BDCAC002B1B23 /* RunUserManager.swift */ = {isa = PBXFileReference; lastKnownFileType = sourcecode.swift; path = RunUserManager.swift; sourceTree = "<group>"; };
		AEC15AE32E0BDCAC002B1B23 /* UserVipManager.swift */ = {isa = PBXFileReference; lastKnownFileType = sourcecode.swift; path = UserVipManager.swift; sourceTree = "<group>"; };
		AEC15AE52E0BDCAC002B1B23 /* aiList.geojson */ = {isa = PBXFileReference; lastKnownFileType = text; path = aiList.geojson; sourceTree = "<group>"; };
		AEC15AE62E0BDCAC002B1B23 /* Assets.xcassets */ = {isa = PBXFileReference; lastKnownFileType = folder.assetcatalog; path = Assets.xcassets; sourceTree = "<group>"; };
		AEC15AE72E0BDCAC002B1B23 /* Freestyle.mp3 */ = {isa = PBXFileReference; lastKnownFileType = audio.mp3; path = Freestyle.mp3; sourceTree = "<group>"; };
		AEC15AE82E0BDCAC002B1B23 /* ImportPods.swift */ = {isa = PBXFileReference; lastKnownFileType = sourcecode.swift; path = ImportPods.swift; sourceTree = "<group>"; };
		AEC15AE92E0BDCAC002B1B23 /* Paradise_faraway.mp3 */ = {isa = PBXFileReference; lastKnownFileType = audio.mp3; path = Paradise_faraway.mp3; sourceTree = "<group>"; };
		AEC15AEA2E0BDCAC002B1B23 /* PrivacyInfo.xcprivacy */ = {isa = PBXFileReference; lastKnownFileType = text.xml; path = PrivacyInfo.xcprivacy; sourceTree = "<group>"; };
		AEC15AEB2E0BDCAC002B1B23 /* Pulse.mp3 */ = {isa = PBXFileReference; lastKnownFileType = audio.mp3; path = Pulse.mp3; sourceTree = "<group>"; };
		AEC15AEC2E0BDCAC002B1B23 /* Radiant_Pulse.mp3 */ = {isa = PBXFileReference; lastKnownFileType = audio.mp3; path = Radiant_Pulse.mp3; sourceTree = "<group>"; };
		AEC15AED2E0BDCAC002B1B23 /* RiverofHope.mp3 */ = {isa = PBXFileReference; lastKnownFileType = audio.mp3; path = RiverofHope.mp3; sourceTree = "<group>"; };
		AEC15AEE2E0BDCAC002B1B23 /* Silence.mp3 */ = {isa = PBXFileReference; lastKnownFileType = audio.mp3; path = Silence.mp3; sourceTree = "<group>"; };
		AEC15AEF2E0BDCAC002B1B23 /* Stay_Close_Me.mp3 */ = {isa = PBXFileReference; lastKnownFileType = audio.mp3; path = Stay_Close_Me.mp3; sourceTree = "<group>"; };
		AEC15AF02E0BDCAC002B1B23 /* Suprenova.mp3 */ = {isa = PBXFileReference; lastKnownFileType = audio.mp3; path = Suprenova.mp3; sourceTree = "<group>"; };
		AEC15AF12E0BDCAC002B1B23 /* ThroughDustWithGrace.mp3 */ = {isa = PBXFileReference; lastKnownFileType = audio.mp3; path = ThroughDustWithGrace.mp3; sourceTree = "<group>"; };
		AEC15AF22E0BDCAC002B1B23 /* Triggered.mp3 */ = {isa = PBXFileReference; lastKnownFileType = audio.mp3; path = Triggered.mp3; sourceTree = "<group>"; };
		AEC15AF42E0BDCAC002B1B23 /* AppDelegate.swift */ = {isa = PBXFileReference; lastKnownFileType = sourcecode.swift; path = AppDelegate.swift; sourceTree = "<group>"; };
		AEC15AF52E0BDCAC002B1B23 /* GeneratedPluginRegistrant.h */ = {isa = PBXFileReference; lastKnownFileType = sourcecode.c.h; path = GeneratedPluginRegistrant.h; sourceTree = "<group>"; };
		AEC15AF62E0BDCAC002B1B23 /* GeneratedPluginRegistrant.m */ = {isa = PBXFileReference; lastKnownFileType = sourcecode.c.objc; path = GeneratedPluginRegistrant.m; sourceTree = "<group>"; };
		AEC15AF72E0BDCAC002B1B23 /* Info.plist */ = {isa = PBXFileReference; lastKnownFileType = text.plist.xml; path = Info.plist; sourceTree = "<group>"; };
		AEC15AF82E0BDCAC002B1B23 /* Base */ = {isa = PBXFileReference; lastKnownFileType = file.storyboard; name = Base; path = Base.lproj/LaunchScreen.storyboard; sourceTree = "<group>"; };
		AEC15AFA2E0BDCAC002B1B23 /* Base */ = {isa = PBXFileReference; lastKnownFileType = file.storyboard; name = Base; path = Base.lproj/Main.storyboard; sourceTree = "<group>"; };
		AEC15AFC2E0BDCAC002B1B23 /* Runner-Bridging-Header.h */ = {isa = PBXFileReference; lastKnownFileType = sourcecode.c.h; path = "Runner-Bridging-Header.h"; sourceTree = "<group>"; };
		AEC15AFD2E0BDCAC002B1B23 /* RunnerDebug.entitlements */ = {isa = PBXFileReference; lastKnownFileType = text.plist.entitlements; path = RunnerDebug.entitlements; sourceTree = "<group>"; };
/* End PBXFileReference section */

/* Begin PBXFrameworksBuildPhase section */
		97C146EB1CF9000F007C117D /* Frameworks */ = {
			isa = PBXFrameworksBuildPhase;
			buildActionMask = 2147483647;
			files = (
				A4BAAB4F06A7611B59C06738 /* Pods_Runner.framework in Frameworks */,
				AEC159A52E0BCAEC002B1B23 /* StoreKit.framework in Frameworks */,
			);
			runOnlyForDeploymentPostprocessing = 0;
		};
/* End PBXFrameworksBuildPhase section */

/* Begin PBXGroup section */
		922A9F83EDF3A3F49CC37B72 /* Pods */ = {
			isa = PBXGroup;
			children = (
				5AB7FC6E0FA1131FDFB1B9DE /* Pods-Runner.debug.xcconfig */,
				9FE4F29F41C6778CBC85ED5E /* Pods-Runner.release.xcconfig */,
				53A61C4CAC9F2F9A54D3210B /* Pods-Runner.profile.xcconfig */,
			);
			path = Pods;
			sourceTree = "<group>";
		};
		9740EEB11CF90186004384FC /* Flutter */ = {
			isa = PBXGroup;
			children = (
				3B3967151E833CAA004F5970 /* AppFrameworkInfo.plist */,
				9740EEB21CF90195004384FC /* Debug.xcconfig */,
				7AFA3C8E1D35360C0083082E /* Release.xcconfig */,
				9740EEB31CF90195004384FC /* Generated.xcconfig */,
			);
			name = Flutter;
			sourceTree = "<group>";
		};
		97C146E51CF9000F007C117D = {
			isa = PBXGroup;
			children = (
				9740EEB11CF90186004384FC /* Flutter */,
				AEC15AFE2E0BDCAC002B1B23 /* Runner */,
				97C146EF1CF9000F007C117D /* Products */,
				922A9F83EDF3A3F49CC37B72 /* Pods */,
				D0175F60841DB6FCC55E7D53 /* Frameworks */,
			);
			sourceTree = "<group>";
		};
		97C146EF1CF9000F007C117D /* Products */ = {
			isa = PBXGroup;
			children = (
				97C146EE1CF9000F007C117D /* Runner.app */,
			);
			name = Products;
			sourceTree = "<group>";
		};
		AEC15AB42E0BDCAC002B1B23 /* Base */ = {
			isa = PBXGroup;
			children = (
				AEC15AB22E0BDCAC002B1B23 /* BaseController.swift */,
				AEC15AB32E0BDCAC002B1B23 /* BaseNavigationController.swift */,
			);
			path = Base;
			sourceTree = "<group>";
		};
		AEC15AB82E0BDCAC002B1B23 /* Category */ = {
			isa = PBXGroup;
			children = (
				AEC15AB52E0BDCAC002B1B23 /* UIColor+HEX.swift */,
				AEC15AB62E0BDCAC002B1B23 /* UIDevice+Spaceing.swift */,
				AEC15AB72E0BDCAC002B1B23 /* UIView+Frame.swift */,
			);
			path = Category;
			sourceTree = "<group>";
		};
		AEC15ABA2E0BDCAC002B1B23 /* View */ = {
			isa = PBXGroup;
			children = (
				AEC15AB92E0BDCAC002B1B23 /* ExploreCollectionViewCell.swift */,
			);
			path = View;
			sourceTree = "<group>";
		};
		AEC15ABC2E0BDCAC002B1B23 /* Discovery */ = {
			isa = PBXGroup;
			children = (
				AEC15ABA2E0BDCAC002B1B23 /* View */,
				AEC15ABB2E0BDCAC002B1B23 /* ExploreViewController.swift */,
			);
			path = Discovery;
			sourceTree = "<group>";
		};
		AEC15AC12E0BDCAC002B1B23 /* View */ = {
			isa = PBXGroup;
			children = (
				AEC15ABD2E0BDCAC002B1B23 /* AIAboutCell.swift */,
				AEC15ABE2E0BDCAC002B1B23 /* AIPhotoCell.swift */,
				AEC15ABF2E0BDCAC002B1B23 /* AIProfileCell.swift */,
				AEC15AC02E0BDCAC002B1B23 /* HomeAICharacterCell.swift */,
			);
			path = View;
			sourceTree = "<group>";
		};
		AEC15AC52E0BDCAC002B1B23 /* Home */ = {
			isa = PBXGroup;
			children = (
				AEC15AC12E0BDCAC002B1B23 /* View */,
				AEC15AC22E0BDCAC002B1B23 /* AICharacterController.swift */,
				AEC15AC32E0BDCAC002B1B23 /* HomeViewController.swift */,
				AEC15AC42E0BDCAC002B1B23 /* ReportAIController.swift */,
			);
			path = Home;
			sourceTree = "<group>";
		};
		AEC15AC72E0BDCAC002B1B23 /* View */ = {
			isa = PBXGroup;
			children = (
				AEC15AC62E0BDCAC002B1B23 /* MenuTableViewCell.swift */,
			);
			path = View;
			sourceTree = "<group>";
		};
		AEC15AD12E0BDCAC002B1B23 /* Mine */ = {
			isa = PBXGroup;
			children = (
				AEC15AC72E0BDCAC002B1B23 /* View */,
				AEC15AC82E0BDCAC002B1B23 /* AboutAppViewController.swift */,
				AEC15AC92E0BDCAC002B1B23 /* AboutUsViewController.swift */,
				AEC15ACA2E0BDCAC002B1B23 /* BackgroundMusicController.swift */,
				AEC15ACB2E0BDCAC002B1B23 /* BackgroundMusicManager.swift */,
				AEC15ACC2E0BDCAC002B1B23 /* EditProfileViewController.swift */,
				AEC15ACD2E0BDCAC002B1B23 /* MemberController.swift */,
				AEC15ACE2E0BDCAC002B1B23 /* MusicFloatingButton.swift */,
				AEC15ACF2E0BDCAC002B1B23 /* ProfileViewController.swift */,
				AEC15AD02E0BDCAC002B1B23 /* UserProfileManager.swift */,
			);
			path = Mine;
			sourceTree = "<group>";
		};
		AEC15AD32E0BDCAC002B1B23 /* View */ = {
			isa = PBXGroup;
			children = (
				AEC15AD22E0BDCAC002B1B23 /* AIMessageCell.swift */,
			);
			path = View;
			sourceTree = "<group>";
		};
		AEC15ADA2E0BDCAC002B1B23 /* Msg */ = {
			isa = PBXGroup;
			children = (
				AEC15AD32E0BDCAC002B1B23 /* View */,
				AEC15AD42E0BDCAC002B1B23 /* AICharacterInfoModel.swift */,
				AEC15AD52E0BDCAC002B1B23 /* ChatMessageRealm.swift */,
				AEC15AD62E0BDCAC002B1B23 /* MessageCallVideoController.swift */,
				AEC15AD72E0BDCAC002B1B23 /* MessageChatController.swift */,
				AEC15AD82E0BDCAC002B1B23 /* MessageViewController.swift */,
				AEC15AD92E0BDCAC002B1B23 /* ZhipuAIService.swift */,
			);
			path = Msg;
			sourceTree = "<group>";
		};
		AEC15ADF2E0BDCAC002B1B23 /* Root */ = {
			isa = PBXGroup;
			children = (
				AEC15ADB2E0BDCAC002B1B23 /* CustomTabBar.swift */,
				AEC15ADC2E0BDCAC002B1B23 /* MainTabBarController.swift */,
				AEC15ADD2E0BDCAC002B1B23 /* TermsViewController.swift */,
				AEC15ADE2E0BDCAC002B1B23 /* WebViewController.swift */,
			);
			path = Root;
			sourceTree = "<group>";
		};
		AEC15AE02E0BDCAC002B1B23 /* Class */ = {
			isa = PBXGroup;
			children = (
				AEC15AB42E0BDCAC002B1B23 /* Base */,
				AEC15AB82E0BDCAC002B1B23 /* Category */,
				AEC15ABC2E0BDCAC002B1B23 /* Discovery */,
				AEC15AC52E0BDCAC002B1B23 /* Home */,
				AEC15AD12E0BDCAC002B1B23 /* Mine */,
				AEC15ADA2E0BDCAC002B1B23 /* Msg */,
				AEC15ADF2E0BDCAC002B1B23 /* Root */,
			);
			path = Class;
			sourceTree = "<group>";
		};
		AEC15AE42E0BDCAC002B1B23 /* Manager */ = {
			isa = PBXGroup;
			children = (
				AEC15AE12E0BDCAC002B1B23 /* IAPManager.swift */,
				AEC15AE22E0BDCAC002B1B23 /* RunUserManager.swift */,
				AEC15AE32E0BDCAC002B1B23 /* UserVipManager.swift */,
				AEC11C482E0D2D65002B1B23 /* HXPickerConfig.swift */,
			);
			path = Manager;
			sourceTree = "<group>";
		};
		AEC15AF32E0BDCAC002B1B23 /* Resource */ = {
			isa = PBXGroup;
			children = (
				AEC15AE52E0BDCAC002B1B23 /* aiList.geojson */,
				AEC15AE62E0BDCAC002B1B23 /* Assets.xcassets */,
				AEC15AE72E0BDCAC002B1B23 /* Freestyle.mp3 */,
				AEC15AE82E0BDCAC002B1B23 /* ImportPods.swift */,
				AEC15AE92E0BDCAC002B1B23 /* Paradise_faraway.mp3 */,
				AEC15AEA2E0BDCAC002B1B23 /* PrivacyInfo.xcprivacy */,
				AEC15AEB2E0BDCAC002B1B23 /* Pulse.mp3 */,
				AEC15AEC2E0BDCAC002B1B23 /* Radiant_Pulse.mp3 */,
				AEC15AED2E0BDCAC002B1B23 /* RiverofHope.mp3 */,
				AEC15AEE2E0BDCAC002B1B23 /* Silence.mp3 */,
				AEC15AEF2E0BDCAC002B1B23 /* Stay_Close_Me.mp3 */,
				AEC15AF02E0BDCAC002B1B23 /* Suprenova.mp3 */,
				AEC15AF12E0BDCAC002B1B23 /* ThroughDustWithGrace.mp3 */,
				AEC15AF22E0BDCAC002B1B23 /* Triggered.mp3 */,
			);
			path = Resource;
			sourceTree = "<group>";
		};
		AEC15AFE2E0BDCAC002B1B23 /* Runner */ = {
			isa = PBXGroup;
			children = (
				AEC15AE02E0BDCAC002B1B23 /* Class */,
				AEC15AE42E0BDCAC002B1B23 /* Manager */,
				AEC15AF32E0BDCAC002B1B23 /* Resource */,
				AEC15AF42E0BDCAC002B1B23 /* AppDelegate.swift */,
				AEC15AF52E0BDCAC002B1B23 /* GeneratedPluginRegistrant.h */,
				AEC15AF62E0BDCAC002B1B23 /* GeneratedPluginRegistrant.m */,
				AEC15AF72E0BDCAC002B1B23 /* Info.plist */,
				AEC15AF92E0BDCAC002B1B23 /* LaunchScreen.storyboard */,
				AEC15AFB2E0BDCAC002B1B23 /* Main.storyboard */,
				AEC15AFC2E0BDCAC002B1B23 /* Runner-Bridging-Header.h */,
				AEC15AFD2E0BDCAC002B1B23 /* RunnerDebug.entitlements */,
			);
			path = Runner;
			sourceTree = "<group>";
		};
		D0175F60841DB6FCC55E7D53 /* Frameworks */ = {
			isa = PBXGroup;
			children = (
				AEC159A42E0BCAEC002B1B23 /* StoreKit.framework */,
				2DD1C241684AF40339082412 /* Pods_Runner.framework */,
			);
			name = Frameworks;
			sourceTree = "<group>";
		};
/* End PBXGroup section */

/* Begin PBXNativeTarget section */
		97C146ED1CF9000F007C117D /* Runner */ = {
			isa = PBXNativeTarget;
			buildConfigurationList = 97C147051CF9000F007C117D /* Build configuration list for PBXNativeTarget "Runner" */;
			buildPhases = (
				E503D0EEA58A9456F3F562A6 /* [CP] Check Pods Manifest.lock */,
				9740EEB61CF901F6004384FC /* Run Script */,
				97C146EA1CF9000F007C117D /* Sources */,
				97C146EB1CF9000F007C117D /* Frameworks */,
				97C146EC1CF9000F007C117D /* Resources */,
				9705A1C41CF9048500538489 /* Embed Frameworks */,
				3B06AD1E1E4923F5004D2608 /* Thin Binary */,
				A6981010822F23245851C717 /* [CP] Embed Pods Frameworks */,
			);
			buildRules = (
			);
			dependencies = (
			);
			name = Runner;
			productName = Runner;
			productReference = 97C146EE1CF9000F007C117D /* Runner.app */;
			productType = "com.apple.product-type.application";
		};
/* End PBXNativeTarget section */

/* Begin PBXProject section */
		97C146E61CF9000F007C117D /* Project object */ = {
			isa = PBXProject;
			attributes = {
				BuildIndependentTargetsInParallel = YES;
				LastUpgradeCheck = 1430;
				ORGANIZATIONNAME = "";
				TargetAttributes = {
					97C146ED1CF9000F007C117D = {
						CreatedOnToolsVersion = 7.3.1;
						LastSwiftMigration = 1100;
					};
				};
			};
			buildConfigurationList = 97C146E91CF9000F007C117D /* Build configuration list for PBXProject "Runner" */;
			compatibilityVersion = "Xcode 13.0";
			developmentRegion = en;
			hasScannedForEncodings = 0;
			knownRegions = (
				en,
				Base,
			);
			mainGroup = 97C146E51CF9000F007C117D;
			productRefGroup = 97C146EF1CF9000F007C117D /* Products */;
			projectDirPath = "";
			projectRoot = "";
			targets = (
				97C146ED1CF9000F007C117D /* Runner */,
			);
		};
/* End PBXProject section */

/* Begin PBXResourcesBuildPhase section */
		97C146EC1CF9000F007C117D /* Resources */ = {
			isa = PBXResourcesBuildPhase;
			buildActionMask = 2147483647;
			files = (
				3B3967161E833CAA004F5970 /* AppFrameworkInfo.plist in Resources */,
				AEC15B282E0BDCAC002B1B23 /* aiList.geojson in Resources */,
				AEC15B292E0BDCAC002B1B23 /* Assets.xcassets in Resources */,
				AEC15B2A2E0BDCAC002B1B23 /* Freestyle.mp3 in Resources */,
				AEC15B2B2E0BDCAC002B1B23 /* Paradise_faraway.mp3 in Resources */,
				AEC15B2C2E0BDCAC002B1B23 /* PrivacyInfo.xcprivacy in Resources */,
				AEC15B2D2E0BDCAC002B1B23 /* Pulse.mp3 in Resources */,
				AEC15B2E2E0BDCAC002B1B23 /* Radiant_Pulse.mp3 in Resources */,
				AEC15B2F2E0BDCAC002B1B23 /* RiverofHope.mp3 in Resources */,
				AEC15B302E0BDCAC002B1B23 /* Silence.mp3 in Resources */,
				AEC15B312E0BDCAC002B1B23 /* Stay_Close_Me.mp3 in Resources */,
				AEC15B322E0BDCAC002B1B23 /* Suprenova.mp3 in Resources */,
				AEC15B332E0BDCAC002B1B23 /* ThroughDustWithGrace.mp3 in Resources */,
				AEC15B342E0BDCAC002B1B23 /* Triggered.mp3 in Resources */,
				AEC15B362E0BDCAC002B1B23 /* LaunchScreen.storyboard in Resources */,
				AEC15B372E0BDCAC002B1B23 /* Main.storyboard in Resources */,
			);
			runOnlyForDeploymentPostprocessing = 0;
		};
/* End PBXResourcesBuildPhase section */

/* Begin PBXShellScriptBuildPhase section */
		3B06AD1E1E4923F5004D2608 /* Thin Binary */ = {
			isa = PBXShellScriptBuildPhase;
			alwaysOutOfDate = 1;
			buildActionMask = 2147483647;
			files = (
			);
			inputPaths = (
				"${TARGET_BUILD_DIR}/${INFOPLIST_PATH}",
			);
			name = "Thin Binary";
			outputPaths = (
			);
			runOnlyForDeploymentPostprocessing = 0;
			shellPath = /bin/sh;
			shellScript = "/bin/sh \"$FLUTTER_ROOT/packages/flutter_tools/bin/xcode_backend.sh\" embed_and_thin";
		};
		9740EEB61CF901F6004384FC /* Run Script */ = {
			isa = PBXShellScriptBuildPhase;
			alwaysOutOfDate = 1;
			buildActionMask = 2147483647;
			files = (
			);
			inputPaths = (
			);
			name = "Run Script";
			outputPaths = (
			);
			runOnlyForDeploymentPostprocessing = 0;
			shellPath = /bin/sh;
			shellScript = "/bin/sh \"$FLUTTER_ROOT/packages/flutter_tools/bin/xcode_backend.sh\" build";
		};
		A6981010822F23245851C717 /* [CP] Embed Pods Frameworks */ = {
			isa = PBXShellScriptBuildPhase;
			buildActionMask = 2147483647;
			files = (
			);
			inputFileListPaths = (
				"${PODS_ROOT}/Target Support Files/Pods-Runner/Pods-Runner-frameworks-${CONFIGURATION}-input-files.xcfilelist",
			);
			name = "[CP] Embed Pods Frameworks";
			outputFileListPaths = (
				"${PODS_ROOT}/Target Support Files/Pods-Runner/Pods-Runner-frameworks-${CONFIGURATION}-output-files.xcfilelist",
			);
			runOnlyForDeploymentPostprocessing = 0;
			shellPath = /bin/sh;
			shellScript = "\"${PODS_ROOT}/Target Support Files/Pods-Runner/Pods-Runner-frameworks.sh\"\n";
			showEnvVarsInLog = 0;
		};
		E503D0EEA58A9456F3F562A6 /* [CP] Check Pods Manifest.lock */ = {
			isa = PBXShellScriptBuildPhase;
			buildActionMask = 2147483647;
			files = (
			);
			inputFileListPaths = (
			);
			inputPaths = (
				"${PODS_PODFILE_DIR_PATH}/Podfile.lock",
				"${PODS_ROOT}/Manifest.lock",
			);
			name = "[CP] Check Pods Manifest.lock";
			outputFileListPaths = (
			);
			outputPaths = (
				"$(DERIVED_FILE_DIR)/Pods-Runner-checkManifestLockResult.txt",
			);
			runOnlyForDeploymentPostprocessing = 0;
			shellPath = /bin/sh;
			shellScript = "diff \"${PODS_PODFILE_DIR_PATH}/Podfile.lock\" \"${PODS_ROOT}/Manifest.lock\" > /dev/null\nif [ $? != 0 ] ; then\n    # print error to STDERR\n    echo \"error: The sandbox is not in sync with the Podfile.lock. Run 'pod install' or update your CocoaPods installation.\" >&2\n    exit 1\nfi\n# This output is used by Xcode 'outputs' to avoid re-running this script phase.\necho \"SUCCESS\" > \"${SCRIPT_OUTPUT_FILE_0}\"\n";
			showEnvVarsInLog = 0;
		};
/* End PBXShellScriptBuildPhase section */

/* Begin PBXSourcesBuildPhase section */
		97C146EA1CF9000F007C117D /* Sources */ = {
			isa = PBXSourcesBuildPhase;
			buildActionMask = 2147483647;
			files = (
				AEC15AFF2E0BDCAC002B1B23 /* BaseController.swift in Sources */,
				AEC15B002E0BDCAC002B1B23 /* BaseNavigationController.swift in Sources */,
				AEC15B012E0BDCAC002B1B23 /* UIColor+HEX.swift in Sources */,
				AEC15B022E0BDCAC002B1B23 /* UIDevice+Spaceing.swift in Sources */,
				AEC15B032E0BDCAC002B1B23 /* UIView+Frame.swift in Sources */,
				AEC15B042E0BDCAC002B1B23 /* ExploreCollectionViewCell.swift in Sources */,
				AEC15B052E0BDCAC002B1B23 /* ExploreViewController.swift in Sources */,
				AEC15B062E0BDCAC002B1B23 /* AIAboutCell.swift in Sources */,
				AEC15B072E0BDCAC002B1B23 /* AIPhotoCell.swift in Sources */,
				AEC15B082E0BDCAC002B1B23 /* AIProfileCell.swift in Sources */,
				AEC15B092E0BDCAC002B1B23 /* HomeAICharacterCell.swift in Sources */,
				AEC15B0A2E0BDCAC002B1B23 /* AICharacterController.swift in Sources */,
				AEC15B0B2E0BDCAC002B1B23 /* HomeViewController.swift in Sources */,
				AEC15B0C2E0BDCAC002B1B23 /* ReportAIController.swift in Sources */,
				AEC15B0D2E0BDCAC002B1B23 /* MenuTableViewCell.swift in Sources */,
				AEC15B0E2E0BDCAC002B1B23 /* AboutAppViewController.swift in Sources */,
				AEC15B0F2E0BDCAC002B1B23 /* AboutUsViewController.swift in Sources */,
				AEC15B102E0BDCAC002B1B23 /* BackgroundMusicController.swift in Sources */,
				AEC15B112E0BDCAC002B1B23 /* BackgroundMusicManager.swift in Sources */,
				AEC15B122E0BDCAC002B1B23 /* EditProfileViewController.swift in Sources */,
				AEC15B132E0BDCAC002B1B23 /* MemberController.swift in Sources */,
				AEC11C492E0D2D65002B1B23 /* HXPickerConfig.swift in Sources */,
				AEC15B142E0BDCAC002B1B23 /* MusicFloatingButton.swift in Sources */,
				AEC15B152E0BDCAC002B1B23 /* ProfileViewController.swift in Sources */,
				AEC15B162E0BDCAC002B1B23 /* UserProfileManager.swift in Sources */,
				AEC15B172E0BDCAC002B1B23 /* AIMessageCell.swift in Sources */,
				AEC15B182E0BDCAC002B1B23 /* AICharacterInfoModel.swift in Sources */,
				AEC15B192E0BDCAC002B1B23 /* ChatMessageRealm.swift in Sources */,
				AEC15B1A2E0BDCAC002B1B23 /* MessageCallVideoController.swift in Sources */,
				AEC15B1B2E0BDCAC002B1B23 /* MessageChatController.swift in Sources */,
				AEC15B1C2E0BDCAC002B1B23 /* MessageViewController.swift in Sources */,
				AEC15B1D2E0BDCAC002B1B23 /* ZhipuAIService.swift in Sources */,
				AEC15B1E2E0BDCAC002B1B23 /* CustomTabBar.swift in Sources */,
				AEC15B1F2E0BDCAC002B1B23 /* MainTabBarController.swift in Sources */,
				AEC15B202E0BDCAC002B1B23 /* TermsViewController.swift in Sources */,
				AEC15B212E0BDCAC002B1B23 /* WebViewController.swift in Sources */,
				AEC15B222E0BDCAC002B1B23 /* IAPManager.swift in Sources */,
				AEC15B232E0BDCAC002B1B23 /* RunUserManager.swift in Sources */,
				AEC15B242E0BDCAC002B1B23 /* UserVipManager.swift in Sources */,
				AEC15B252E0BDCAC002B1B23 /* ImportPods.swift in Sources */,
				AEC15B262E0BDCAC002B1B23 /* AppDelegate.swift in Sources */,
				AEC15B272E0BDCAC002B1B23 /* GeneratedPluginRegistrant.m in Sources */,
			);
			runOnlyForDeploymentPostprocessing = 0;
		};
/* End PBXSourcesBuildPhase section */

/* Begin PBXVariantGroup section */
		AEC15AF92E0BDCAC002B1B23 /* LaunchScreen.storyboard */ = {
			isa = PBXVariantGroup;
			children = (
				AEC15AF82E0BDCAC002B1B23 /* Base */,
			);
			name = LaunchScreen.storyboard;
			sourceTree = "<group>";
		};
		AEC15AFB2E0BDCAC002B1B23 /* Main.storyboard */ = {
			isa = PBXVariantGroup;
			children = (
				AEC15AFA2E0BDCAC002B1B23 /* Base */,
			);
			name = Main.storyboard;
			sourceTree = "<group>";
		};
/* End PBXVariantGroup section */

/* Begin XCBuildConfiguration section */
		249021D3217E4FDB00AE95B9 /* Profile */ = {
			isa = XCBuildConfiguration;
			buildSettings = {
				ALWAYS_SEARCH_USER_PATHS = NO;
				CLANG_ANALYZER_NONNULL = YES;
				CLANG_CXX_LANGUAGE_STANDARD = "gnu++0x";
				CLANG_CXX_LIBRARY = "libc++";
				CLANG_ENABLE_MODULES = YES;
				CLANG_ENABLE_OBJC_ARC = YES;
				CLANG_WARN_BLOCK_CAPTURE_AUTORELEASING = YES;
				CLANG_WARN_BOOL_CONVERSION = YES;
				CLANG_WARN_COMMA = YES;
				CLANG_WARN_CONSTANT_CONVERSION = YES;
				CLANG_WARN_DEPRECATED_OBJC_IMPLEMENTATIONS = YES;
				CLANG_WARN_DIRECT_OBJC_ISA_USAGE = YES_ERROR;
				CLANG_WARN_EMPTY_BODY = YES;
				CLANG_WARN_ENUM_CONVERSION = YES;
				CLANG_WARN_INFINITE_RECURSION = YES;
				CLANG_WARN_INT_CONVERSION = YES;
				CLANG_WARN_NON_LITERAL_NULL_CONVERSION = YES;
				CLANG_WARN_OBJC_IMPLICIT_RETAIN_SELF = YES;
				CLANG_WARN_OBJC_LITERAL_CONVERSION = YES;
				CLANG_WARN_OBJC_ROOT_CLASS = YES_ERROR;
				CLANG_WARN_RANGE_LOOP_ANALYSIS = YES;
				CLANG_WARN_STRICT_PROTOTYPES = YES;
				CLANG_WARN_SUSPICIOUS_MOVE = YES;
				CLANG_WARN_UNREACHABLE_CODE = YES;
				CLANG_WARN__DUPLICATE_METHOD_MATCH = YES;
				"CODE_SIGN_IDENTITY[sdk=iphoneos*]" = "iPhone Developer";
				COPY_PHASE_STRIP = NO;
				DEBUG_INFORMATION_FORMAT = "dwarf-with-dsym";
				ENABLE_NS_ASSERTIONS = NO;
				ENABLE_STRICT_OBJC_MSGSEND = YES;
				GCC_C_LANGUAGE_STANDARD = gnu99;
				GCC_NO_COMMON_BLOCKS = YES;
				GCC_WARN_64_TO_32_BIT_CONVERSION = YES;
				GCC_WARN_ABOUT_RETURN_TYPE = YES_ERROR;
				GCC_WARN_UNDECLARED_SELECTOR = YES;
				GCC_WARN_UNINITIALIZED_AUTOS = YES_AGGRESSIVE;
				GCC_WARN_UNUSED_FUNCTION = YES;
				GCC_WARN_UNUSED_VARIABLE = YES;
				IPHONEOS_DEPLOYMENT_TARGET = 11.0;
				MTL_ENABLE_DEBUG_INFO = NO;
				SDKROOT = iphoneos;
				SUPPORTED_PLATFORMS = iphoneos;
				SWIFT_OPTIMIZATION_LEVEL = "-O";
				TARGETED_DEVICE_FAMILY = "1,2";
				VALIDATE_PRODUCT = YES;
			};
			name = Profile;
		};
		249021D4217E4FDB00AE95B9 /* Profile */ = {
			isa = XCBuildConfiguration;
			baseConfigurationReference = 7AFA3C8E1D35360C0083082E /* Release.xcconfig */;
			buildSettings = {
				ASSETCATALOG_COMPILER_APPICON_NAME = AppIcon;
				CLANG_ENABLE_MODULES = YES;
				CODE_SIGN_STYLE = Manual;
				CURRENT_PROJECT_VERSION = 4;
				DEVELOPMENT_TEAM = "";
				"DEVELOPMENT_TEAM[sdk=iphoneos*]" = YY9VHMCUK4;
				ENABLE_BITCODE = NO;
				FLUTTER_APPLICATION_PATH = /Users/runner/work/tiantanew/tiantanew;
				FLUTTER_BUILD_NAME = 1.2.0;
				FLUTTER_BUILD_NUMBER = 4;
				FLUTTER_ROOT = " /Users/runner/hostedtoolcache/flutter/3.24.4-stable/arm64";
				INFOPLIST_FILE = Runner/Info.plist;
				IPHONEOS_DEPLOYMENT_TARGET = 13.0;
				LD_RUNPATH_SEARCH_PATHS = (
					"$(inherited)",
					"@executable_path/Frameworks",
				);
				MARKETING_VERSION = 1.2.0;
				PRODUCT_BUNDLE_IDENTIFIER = com.huanban.chatsapp;
				PRODUCT_NAME = "$(TARGET_NAME)";
				PROVISIONING_PROFILE_SPECIFIER = tian_dis;
				"PROVISIONING_PROFILE_SPECIFIER[sdk=iphoneos*]" = tian_dis;
				SUPPORTED_PLATFORMS = "iphoneos iphonesimulator";
				SUPPORTS_MACCATALYST = NO;
				SUPPORTS_MAC_DESIGNED_FOR_IPHONE_IPAD = NO;
				SUPPORTS_XR_DESIGNED_FOR_IPHONE_IPAD = NO;
				SWIFT_OBJC_BRIDGING_HEADER = "Runner/Runner-Bridging-Header.h";
				SWIFT_OPTIMIZATION_LEVEL = "-O";
				SWIFT_VERSION = 6.0;
				TARGETED_DEVICE_FAMILY = 1;
				VERSIONING_SYSTEM = "apple-generic";
			};
			name = Profile;
		};
		97C147031CF9000F007C117D /* Debug */ = {
			isa = XCBuildConfiguration;
			buildSettings = {
				ALWAYS_SEARCH_USER_PATHS = NO;
				CLANG_ANALYZER_NONNULL = YES;
				CLANG_CXX_LANGUAGE_STANDARD = "gnu++0x";
				CLANG_CXX_LIBRARY = "libc++";
				CLANG_ENABLE_MODULES = YES;
				CLANG_ENABLE_OBJC_ARC = YES;
				CLANG_WARN_BLOCK_CAPTURE_AUTORELEASING = YES;
				CLANG_WARN_BOOL_CONVERSION = YES;
				CLANG_WARN_COMMA = YES;
				CLANG_WARN_CONSTANT_CONVERSION = YES;
				CLANG_WARN_DEPRECATED_OBJC_IMPLEMENTATIONS = YES;
				CLANG_WARN_DIRECT_OBJC_ISA_USAGE = YES_ERROR;
				CLANG_WARN_EMPTY_BODY = YES;
				CLANG_WARN_ENUM_CONVERSION = YES;
				CLANG_WARN_INFINITE_RECURSION = YES;
				CLANG_WARN_INT_CONVERSION = YES;
				CLANG_WARN_NON_LITERAL_NULL_CONVERSION = YES;
				CLANG_WARN_OBJC_IMPLICIT_RETAIN_SELF = YES;
				CLANG_WARN_OBJC_LITERAL_CONVERSION = YES;
				CLANG_WARN_OBJC_ROOT_CLASS = YES_ERROR;
				CLANG_WARN_RANGE_LOOP_ANALYSIS = YES;
				CLANG_WARN_STRICT_PROTOTYPES = YES;
				CLANG_WARN_SUSPICIOUS_MOVE = YES;
				CLANG_WARN_UNREACHABLE_CODE = YES;
				CLANG_WARN__DUPLICATE_METHOD_MATCH = YES;
				"CODE_SIGN_IDENTITY[sdk=iphoneos*]" = "iPhone Developer";
				COPY_PHASE_STRIP = NO;
				DEBUG_INFORMATION_FORMAT = dwarf;
				ENABLE_STRICT_OBJC_MSGSEND = YES;
				ENABLE_TESTABILITY = YES;
				GCC_C_LANGUAGE_STANDARD = gnu99;
				GCC_DYNAMIC_NO_PIC = NO;
				GCC_NO_COMMON_BLOCKS = YES;
				GCC_OPTIMIZATION_LEVEL = 0;
				GCC_PREPROCESSOR_DEFINITIONS = (
					"DEBUG=1",
					"$(inherited)",
				);
				GCC_WARN_64_TO_32_BIT_CONVERSION = YES;
				GCC_WARN_ABOUT_RETURN_TYPE = YES_ERROR;
				GCC_WARN_UNDECLARED_SELECTOR = YES;
				GCC_WARN_UNINITIALIZED_AUTOS = YES_AGGRESSIVE;
				GCC_WARN_UNUSED_FUNCTION = YES;
				GCC_WARN_UNUSED_VARIABLE = YES;
				IPHONEOS_DEPLOYMENT_TARGET = 11.0;
				MTL_ENABLE_DEBUG_INFO = YES;
				ONLY_ACTIVE_ARCH = YES;
				SDKROOT = iphoneos;
				SWIFT_OPTIMIZATION_LEVEL = "-Onone";
				TARGETED_DEVICE_FAMILY = "1,2";
			};
			name = Debug;
		};
		97C147041CF9000F007C117D /* Release */ = {
			isa = XCBuildConfiguration;
			buildSettings = {
				ALWAYS_SEARCH_USER_PATHS = NO;
				CLANG_ANALYZER_NONNULL = YES;
				CLANG_CXX_LANGUAGE_STANDARD = "gnu++0x";
				CLANG_CXX_LIBRARY = "libc++";
				CLANG_ENABLE_MODULES = YES;
				CLANG_ENABLE_OBJC_ARC = YES;
				CLANG_WARN_BLOCK_CAPTURE_AUTORELEASING = YES;
				CLANG_WARN_BOOL_CONVERSION = YES;
				CLANG_WARN_COMMA = YES;
				CLANG_WARN_CONSTANT_CONVERSION = YES;
				CLANG_WARN_DEPRECATED_OBJC_IMPLEMENTATIONS = YES;
				CLANG_WARN_DIRECT_OBJC_ISA_USAGE = YES_ERROR;
				CLANG_WARN_EMPTY_BODY = YES;
				CLANG_WARN_ENUM_CONVERSION = YES;
				CLANG_WARN_INFINITE_RECURSION = YES;
				CLANG_WARN_INT_CONVERSION = YES;
				CLANG_WARN_NON_LITERAL_NULL_CONVERSION = YES;
				CLANG_WARN_OBJC_IMPLICIT_RETAIN_SELF = YES;
				CLANG_WARN_OBJC_LITERAL_CONVERSION = YES;
				CLANG_WARN_OBJC_ROOT_CLASS = YES_ERROR;
				CLANG_WARN_RANGE_LOOP_ANALYSIS = YES;
				CLANG_WARN_STRICT_PROTOTYPES = YES;
				CLANG_WARN_SUSPICIOUS_MOVE = YES;
				CLANG_WARN_UNREACHABLE_CODE = YES;
				CLANG_WARN__DUPLICATE_METHOD_MATCH = YES;
				"CODE_SIGN_IDENTITY[sdk=iphoneos*]" = "iPhone Developer";
				COPY_PHASE_STRIP = NO;
				DEBUG_INFORMATION_FORMAT = "dwarf-with-dsym";
				ENABLE_NS_ASSERTIONS = NO;
				ENABLE_STRICT_OBJC_MSGSEND = YES;
				GCC_C_LANGUAGE_STANDARD = gnu99;
				GCC_NO_COMMON_BLOCKS = YES;
				GCC_WARN_64_TO_32_BIT_CONVERSION = YES;
				GCC_WARN_ABOUT_RETURN_TYPE = YES_ERROR;
				GCC_WARN_UNDECLARED_SELECTOR = YES;
				GCC_WARN_UNINITIALIZED_AUTOS = YES_AGGRESSIVE;
				GCC_WARN_UNUSED_FUNCTION = YES;
				GCC_WARN_UNUSED_VARIABLE = YES;
				IPHONEOS_DEPLOYMENT_TARGET = 11.0;
				MTL_ENABLE_DEBUG_INFO = NO;
				SDKROOT = iphoneos;
				SUPPORTED_PLATFORMS = iphoneos;
				SWIFT_COMPILATION_MODE = wholemodule;
				SWIFT_OPTIMIZATION_LEVEL = "-O";
				TARGETED_DEVICE_FAMILY = "1,2";
				VALIDATE_PRODUCT = YES;
			};
			name = Release;
		};
		97C147061CF9000F007C117D /* Debug */ = {
			isa = XCBuildConfiguration;
			baseConfigurationReference = 9740EEB21CF90195004384FC /* Debug.xcconfig */;
			buildSettings = {
				ASSETCATALOG_COMPILER_APPICON_NAME = AppIcon;
				CLANG_ENABLE_MODULES = YES;
				CODE_SIGN_ENTITLEMENTS = Runner/RunnerDebug.entitlements;
				CODE_SIGN_STYLE = Manual;
				CURRENT_PROJECT_VERSION = 4;
				DEVELOPMENT_TEAM = "";
				"DEVELOPMENT_TEAM[sdk=iphoneos*]" = YY9VHMCUK4;
				ENABLE_BITCODE = NO;
				FLUTTER_APPLICATION_PATH = /Users/runner/work/tiantanew/tiantanew;
				FLUTTER_BUILD_NAME = 1.2.0;
				FLUTTER_BUILD_NUMBER = 4;
				FLUTTER_ROOT = " /Users/runner/hostedtoolcache/flutter/3.24.4-stable/arm64";
				INFOPLIST_FILE = Runner/Info.plist;
				IPHONEOS_DEPLOYMENT_TARGET = 13.0;
				LD_RUNPATH_SEARCH_PATHS = (
					"$(inherited)",
					"@executable_path/Frameworks",
				);
				MARKETING_VERSION = 1.2.0;
				PRODUCT_BUNDLE_IDENTIFIER = com.huanban.chatsapp;
				PRODUCT_NAME = "$(TARGET_NAME)";
				PROVISIONING_PROFILE_SPECIFIER = "";
				"PROVISIONING_PROFILE_SPECIFIER[sdk=iphoneos*]" = tian_dis;
				SUPPORTED_PLATFORMS = "iphoneos iphonesimulator";
				SUPPORTS_MACCATALYST = NO;
				SUPPORTS_MAC_DESIGNED_FOR_IPHONE_IPAD = NO;
				SUPPORTS_XR_DESIGNED_FOR_IPHONE_IPAD = NO;
				SWIFT_OBJC_BRIDGING_HEADER = "Runner/Runner-Bridging-Header.h";
				SWIFT_OPTIMIZATION_LEVEL = "-Onone";
				SWIFT_VERSION = 6.0;
				TARGETED_DEVICE_FAMILY = 1;
				VERSIONING_SYSTEM = "apple-generic";
			};
			name = Debug;
		};
		97C147071CF9000F007C117D /* Release */ = {
			isa = XCBuildConfiguration;
			baseConfigurationReference = 7AFA3C8E1D35360C0083082E /* Release.xcconfig */;
			buildSettings = {
				ASSETCATALOG_COMPILER_APPICON_NAME = AppIcon;
				CLANG_ENABLE_MODULES = YES;
				"CODE_SIGN_IDENTITY[sdk=iphoneos*]" = "iPhone Distribution";
				CODE_SIGN_STYLE = Manual;
				CURRENT_PROJECT_VERSION = 4;
				DEVELOPMENT_TEAM = "";
				"DEVELOPMENT_TEAM[sdk=iphoneos*]" = YY9VHMCUK4;
				ENABLE_BITCODE = NO;
				FLUTTER_APPLICATION_PATH = /Users/runner/work/tiantanew/tiantanew;
				FLUTTER_BUILD_NAME = 1.2.0;
				FLUTTER_BUILD_NUMBER = 4;
				FLUTTER_ROOT = " /Users/runner/hostedtoolcache/flutter/3.24.4-stable/arm64";
				INFOPLIST_FILE = Runner/Info.plist;
				IPHONEOS_DEPLOYMENT_TARGET = 13.0;
				LD_RUNPATH_SEARCH_PATHS = (
					"$(inherited)",
					"@executable_path/Frameworks",
				);
				MARKETING_VERSION = 1.2.0;
				PRODUCT_BUNDLE_IDENTIFIER = com.huanban.chatsapp;
				PRODUCT_NAME = "$(TARGET_NAME)";
				PROVISIONING_PROFILE_SPECIFIER = tian_dis;
				"PROVISIONING_PROFILE_SPECIFIER[sdk=iphoneos*]" = tian_dis;
				SUPPORTED_PLATFORMS = "iphoneos iphonesimulator";
				SUPPORTS_MACCATALYST = NO;
				SUPPORTS_MAC_DESIGNED_FOR_IPHONE_IPAD = NO;
				SUPPORTS_XR_DESIGNED_FOR_IPHONE_IPAD = NO;
				SWIFT_OBJC_BRIDGING_HEADER = "Runner/Runner-Bridging-Header.h";
				SWIFT_OPTIMIZATION_LEVEL = "-O";
				SWIFT_VERSION = 6.0;
				TARGETED_DEVICE_FAMILY = 1;
				VERSIONING_SYSTEM = "apple-generic";
			};
			name = Release;
		};
/* End XCBuildConfiguration section */

/* Begin XCConfigurationList section */
		97C146E91CF9000F007C117D /* Build configuration list for PBXProject "Runner" */ = {
			isa = XCConfigurationList;
			buildConfigurations = (
				97C147031CF9000F007C117D /* Debug */,
				97C147041CF9000F007C117D /* Release */,
				249021D3217E4FDB00AE95B9 /* Profile */,
			);
			defaultConfigurationIsVisible = 0;
			defaultConfigurationName = Release;
		};
		97C147051CF9000F007C117D /* Build configuration list for PBXNativeTarget "Runner" */ = {
			isa = XCConfigurationList;
			buildConfigurations = (
				97C147061CF9000F007C117D /* Debug */,
				97C147071CF9000F007C117D /* Release */,
				249021D4217E4FDB00AE95B9 /* Profile */,
			);
			defaultConfigurationIsVisible = 0;
			defaultConfigurationName = Release;
		};
/* End XCConfigurationList section */
	};
	rootObject = 97C146E61CF9000F007C117D /* Project object */;
}
