PODS:
  - AFNetworking (4.0.1):
    - AFNetworking/NSURLSession (= 4.0.1)
    - AFNetworking/Reachability (= 4.0.1)
    - AFNetworking/Security (= 4.0.1)
    - AFNetworking/Serialization (= 4.0.1)
    - AFNetworking/UIKit (= 4.0.1)
  - AFNetworking/NSURLSession (4.0.1):
    - AFNetworking/Reachability
    - AFNetworking/Security
    - AFNetworking/Serialization
  - AFNetworking/Reachability (4.0.1)
  - AFNetworking/Security (4.0.1)
  - AFNetworking/Serialization (4.0.1)
  - AFNetworking/UIKit (4.0.1):
    - AFNetworking/NSURLSession
  - AvoidCrash (2.5.2)
  - BDASignalSDK (1.0.3)
  - Bugly (2.6.1)
  - DZNEmptyDataSet (1.8.1)
  - FLAnimatedImage (1.0.12)
  - Flutter (1.0.0)
  - GT3Captcha-iOS (0.15.2)
  - HCHollyOC (0.9.7)
  - HXPhotoPicker (5.0.2):
    - HXPhotoPicker/Default (= 5.0.2)
  - HXPhotoPicker/Camera (5.0.2):
    - HXPhotoPicker/Camera/Lite (= 5.0.2)
    - HXPhotoPicker/Camera/Location (= 5.0.2)
  - HXPhotoPicker/Camera/Lite (5.0.2):
    - HXPhotoPicker/Core
  - HXPhotoPicker/Camera/Location (5.0.2):
    - HXPhotoPicker/Camera/Lite
  - HXPhotoPicker/Core (5.0.2):
    - HXPhotoPicker/Resources
  - HXPhotoPicker/Default (5.0.2):
    - HXPhotoPicker/Camera
    - HXPhotoPicker/Editor
    - HXPhotoPicker/Picker
  - HXPhotoPicker/Editor (5.0.2):
    - HXPhotoPicker/EditorView
  - HXPhotoPicker/EditorView (5.0.2):
    - HXPhotoPicker/Core
  - HXPhotoPicker/Picker (5.0.2):
    - HXPhotoPicker/Core
  - HXPhotoPicker/Resources (5.0.2)
  - IQKeyboardCore (1.0.5)
  - IQKeyboardManagerSwift (8.0.1):
    - IQKeyboardManagerSwift/Appearance (= 8.0.1)
    - IQKeyboardManagerSwift/Core (= 8.0.1)
    - IQKeyboardManagerSwift/IQKeyboardReturnManager (= 8.0.1)
    - IQKeyboardManagerSwift/IQKeyboardToolbarManager (= 8.0.1)
    - IQKeyboardManagerSwift/IQTextView (= 8.0.1)
    - IQKeyboardManagerSwift/Resign (= 8.0.1)
  - IQKeyboardManagerSwift/Appearance (8.0.1):
    - IQKeyboardManagerSwift/Core
  - IQKeyboardManagerSwift/Core (8.0.1):
    - IQKeyboardNotification
    - IQTextInputViewNotification
  - IQKeyboardManagerSwift/IQKeyboardReturnManager (8.0.1):
    - IQKeyboardReturnManager
  - IQKeyboardManagerSwift/IQKeyboardToolbarManager (8.0.1):
    - IQKeyboardManagerSwift/Core
    - IQKeyboardToolbarManager
  - IQKeyboardManagerSwift/IQTextView (8.0.1):
    - IQTextView
  - IQKeyboardManagerSwift/Resign (8.0.1):
    - IQKeyboardManagerSwift/Core
  - IQKeyboardNotification (1.0.3)
  - IQKeyboardReturnManager (1.0.4):
    - IQKeyboardCore (= 1.0.5)
  - IQKeyboardToolbar (1.1.1):
    - IQKeyboardCore
    - IQKeyboardToolbar/Core (= 1.1.1)
  - IQKeyboardToolbar/Core (1.1.1):
    - IQKeyboardCore
    - IQKeyboardToolbar/Placeholderable
  - IQKeyboardToolbar/Placeholderable (1.1.1):
    - IQKeyboardCore
  - IQKeyboardToolbarManager (1.1.3):
    - IQKeyboardToolbar
    - IQTextInputViewNotification
  - IQTextInputViewNotification (1.0.8):
    - IQKeyboardCore
  - IQTextView (1.0.5):
    - IQKeyboardToolbar/Placeholderable
  - JCore (5.0.2)
  - JDStatusBarNotification (1.6.1)
  - JHChainableAnimations (3.0.1)
  - JPush (4.6.6):
    - JCore (>= 2.0.0)
  - JSONModel (1.8.0)
  - JVerification (3.2.8):
    - JCore (>= 2.1.6)
  - JXCategoryView (1.5.2)
  - LooseCore (1.0.0):
    - AFNetworking (~> 4.0.1)
    - AvoidCrash (= 2.5.2)
    - BDASignalSDK (= 1.0.3)
    - Bugly (~> 2.6.1)
    - DZNEmptyDataSet (= 1.8.1)
    - FLAnimatedImage (= 1.0.12)
    - GT3Captcha-iOS (= 0.15.2)
    - HCHollyOC (~> 0.9.6)
    - JDStatusBarNotification (~> 1.6.1)
    - JHChainableAnimations (= 3.0.1)
    - JPush (~> 4.6.4)
    - JSONModel (~> 1.8.0)
    - JVerification (~> 3.2.1)
    - JXCategoryView (= 1.5.2)
    - Masonry (= 1.1.0)
    - MBProgressHUD (~> 1.2.0)
    - MJRefresh (= 3.7.9)
    - MMLayout (= 0.2.0)
    - pop (= 1.0.12)
    - QGVAPlayer (~> 1.0.16)
    - Reachability (= 3.7.6)
    - ReactiveObjC (= 3.1.0)
    - SDWebImage (= 5.19.1)
    - SocketRocket (= 0.5.1)
    - SSZipArchive (= 2.2.2)
    - StreamingKit (~> 0.1.30)
    - SVGAPlayer (= 2.3.4)
    - TPKeyboardAvoiding (= 1.3.5)
    - TXIMSDK_Plus_iOS_Bitcode (= 5.8.1672)
    - TXLiteAVSDK_Professional (~> 11.4.14445)
    - UMCCommon (= 7.1.3)
    - WCDB (~> 1.0.7.5)
    - WCDBOptimizedSQLCipher (= 1.2.1)
    - zhPopupController (~> 2.0.0)
  - Masonry (1.1.0)
  - MBProgressHUD (1.2.0)
  - MJRefresh (3.7.9)
  - MMLayout (0.2.0)
  - pop (1.0.12)
  - ProgressHUD (14.1.1)
  - Protobuf (3.29.5)
  - QGVAPlayer (1.0.19)
  - Reachability (3.7.6)
  - ReactiveObjC (3.1.0)
  - Realm (20.0.3):
    - Realm/Headers (= 20.0.3)
  - Realm/Headers (20.0.3)
  - RealmSwift (20.0.3):
    - Realm (= 20.0.3)
  - SDWebImage (5.19.1):
    - SDWebImage/Core (= 5.19.1)
  - SDWebImage/Core (5.19.1)
  - SmartCodable (5.0.14):
    - SmartCodable/Core (= 5.0.14)
  - SmartCodable/Core (5.0.14)
  - SnapKit (5.7.1)
  - SocketRocket (0.5.1)
  - SQLiteRepairKit (1.2.2):
    - WCDBOptimizedSQLCipher (~> 1.2.0)
  - SSZipArchive (2.2.2)
  - StreamingKit (0.1.30)
  - SVGAPlayer (2.3.4):
    - SVGAPlayer/Core (= 2.3.4)
    - SVGAPlayer/ProtoFiles (= 2.3.4)
  - SVGAPlayer/Core (2.3.4):
    - SSZipArchive (>= 1.8.1)
    - SVGAPlayer/ProtoFiles
  - SVGAPlayer/ProtoFiles (2.3.4):
    - Protobuf (~> 3.4)
  - TPKeyboardAvoiding (1.3.5)
  - TXIMSDK_Plus_iOS_Bitcode (5.8.1672)
  - TXLiteAVSDK_Professional (11.4.14571):
    - TXLiteAVSDK_Professional/Professional (= 11.4.14571)
  - TXLiteAVSDK_Professional/Professional (11.4.14571)
  - UMCCommon (7.1.3)
  - WCDB (1.0.7.5):
    - SQLiteRepairKit (~> 1.2.0)
    - WCDBOptimizedSQLCipher (~> 1.2.0)
  - WCDBOptimizedSQLCipher (1.2.1)
  - zhPopupController (2.0.0)

DEPENDENCIES:
  - Flutter (from `Flutter`)
  - HXPhotoPicker
  - IQKeyboardManagerSwift
  - LooseCore (from `LocalPods/LooseCore`)
  - ProgressHUD
  - RealmSwift
  - SmartCodable
  - SnapKit

SPEC REPOS:
  https://github.com/CocoaPods/Specs.git:
    - AFNetworking
    - AvoidCrash
    - BDASignalSDK
    - Bugly
    - DZNEmptyDataSet
    - FLAnimatedImage
    - GT3Captcha-iOS
    - HCHollyOC
    - HXPhotoPicker
    - IQKeyboardCore
    - IQKeyboardManagerSwift
    - IQKeyboardNotification
    - IQKeyboardReturnManager
    - IQKeyboardToolbar
    - IQKeyboardToolbarManager
    - IQTextInputViewNotification
    - IQTextView
    - JCore
    - JDStatusBarNotification
    - JHChainableAnimations
    - JPush
    - JSONModel
    - JVerification
    - JXCategoryView
    - Masonry
    - MBProgressHUD
    - MJRefresh
    - MMLayout
    - pop
    - ProgressHUD
    - Protobuf
    - QGVAPlayer
    - Reachability
    - ReactiveObjC
    - Realm
    - RealmSwift
    - SDWebImage
    - SmartCodable
    - SnapKit
    - SocketRocket
    - SQLiteRepairKit
    - SSZipArchive
    - StreamingKit
    - SVGAPlayer
    - TPKeyboardAvoiding
    - TXIMSDK_Plus_iOS_Bitcode
    - TXLiteAVSDK_Professional
    - UMCCommon
    - WCDB
    - WCDBOptimizedSQLCipher
    - zhPopupController

EXTERNAL SOURCES:
  Flutter:
    :path: Flutter
  LooseCore:
    :path: LocalPods/LooseCore

SPEC CHECKSUMS:
  AFNetworking: 3bd23d814e976cd148d7d44c3ab78017b744cd58
  AvoidCrash: 28c6916fe19bd2b84126b8dec7cbe61c9a12741d
  BDASignalSDK: 5128e64a084bf1b0b74089eac0be8915e97f3b45
  Bugly: 217ac2ce5f0f2626d43dbaa4f70764c953a26a31
  DZNEmptyDataSet: 9525833b9e68ac21c30253e1d3d7076cc828eaa7
  FLAnimatedImage: 4a0b56255d9b05f18b6dd7ee06871be5d3b89e31
  Flutter: f04841e97a9d0b0a8025694d0796dd46242b2854
  GT3Captcha-iOS: 7ae08a5421c8e40463ec84ae807e82c19be3929a
  HCHollyOC: f0a22c5e1499e27bc918ca96a153463d07a178fa
  HXPhotoPicker: ac718a021235c3f542c17c4110a93b87de39f481
  IQKeyboardCore: 28c8bf3bcd8ba5aa1570b318cbc4da94b861711e
  IQKeyboardManagerSwift: 835fc9c6e4732398113406d84900ad2e8f141218
  IQKeyboardNotification: d7382c4466c5a5adef92c7452ebf861b36050088
  IQKeyboardReturnManager: 972be48528ce9e7508ab3ab15ac7efac803f17f5
  IQKeyboardToolbar: d4bdccfb78324aec2f3920659c77bb89acd33312
  IQKeyboardToolbarManager: 6c693c8478d6327a7ef2107528d29698b3514dbb
  IQTextInputViewNotification: f5e954d8881fd9808b744e49e024cc0d4bcfe572
  IQTextView: ae13b4922f22e6f027f62c557d9f4f236b19d5c7
  JCore: 3effa468af29935edb53e6460ef81fd3c03ee1a8
  JDStatusBarNotification: 6052ca9a51ee0bb058f8dc09cf1d63554ef0f743
  JHChainableAnimations: 0237489ed063f0ec5b351f5c7bb26c1891517074
  JPush: 95c8f0b93ee40b76ea97b6c9eaaa0247947185ba
  JSONModel: 02ab723958366a3fd27da57ea2af2113658762e9
  JVerification: eb21534bee67e1f609cb18c77b8fd5df4b2da123
  JXCategoryView: b284d35a7a8772eada05dd78642233e1eb763ea8
  LooseCore: d067948bef6c88c88d45a2c113dc3225723f7b8e
  Masonry: 678fab65091a9290e40e2832a55e7ab731aad201
  MBProgressHUD: 3ee5efcc380f6a79a7cc9b363dd669c5e1ae7406
  MJRefresh: ff9e531227924c84ce459338414550a05d2aea78
  MMLayout: 3fb59d58eeb8656c64e61d550fb0088e10666c11
  pop: d582054913807fd11fd50bfe6a539d91c7e1a55a
  ProgressHUD: abb9136ae23c85204236828562cb9a8ec98efb44
  Protobuf: 164aea2ae380c3951abdc3e195220c01d17400e0
  QGVAPlayer: a0bca68c9bd6f1c8de5ac2d10ddf98be6038cce9
  Reachability: fd0ecd23705e2599e4cceeb943222ae02296cbc6
  ReactiveObjC: 2a38ea15335de4119d8b17caf1db1484f61db902
  Realm: 853e5089d6042dff807bda000277eadfe2da93d2
  RealmSwift: f33c19577cefcbf681345d721fcbc7b42be4c949
  SDWebImage: 40b0b4053e36c660a764958bff99eed16610acbb
  SmartCodable: 384edba3cf436a430b35049962685b08ad3ed5cc
  SnapKit: d612e99e678a2d3b95bf60b0705ed0a35c03484a
  SocketRocket: d57c7159b83c3c6655745cd15302aa24b6bae531
  SQLiteRepairKit: 35aaae5a8838adb85f5b1eb4d796055be6060a4b
  SSZipArchive: fa16b8cc4cdeceb698e5e5d9f67e9558532fbf23
  StreamingKit: 70ca8608c206864b4d54a577eacb3c8bf7c72209
  SVGAPlayer: d55f1e7b4d2873507d27f1e8b40de1b729de9ad7
  TPKeyboardAvoiding: d55b3ea7b362540af8fcf36aa3ed2e87bf210cc6
  TXIMSDK_Plus_iOS_Bitcode: b19d8129c7c79fca53c99ef8ee82e37f46d48b7a
  TXLiteAVSDK_Professional: d4db8d4ee81a7dc5d653b72b44463322bbe58f24
  UMCCommon: 0cb2629b93884531621100ed66ff2bca8b181f1f
  WCDB: 8e90babdeb7784c569353a4bd22a66c0a175a882
  WCDBOptimizedSQLCipher: baf44493b0c7a3d49e97bc5b64a3856f6428ddd1
  zhPopupController: 600aee950c86442c5cca0b078d94c71fe0e1c51e

PODFILE CHECKSUM: 5ee1ecb9dcabfa06d1d4eb94300ef9a163f78037

COCOAPODS: 1.16.2
